// !$*UTF8*$!
{
	archiveVersion = 1;
	classes = {
	};
	objectVersion = 56;
	objects = {

/* Begin PBXBuildFile section */
		880ED94F2C23F75B0045A620 /* AppDelegate.swift in Sources */ = {isa = PBXBuildFile; fileRef = 880ED94E2C23F75B0045A620 /* AppDelegate.swift */; };
		880ED9512C23F75B0045A620 /* SceneDelegate.swift in Sources */ = {isa = PBXBuildFile; fileRef = 880ED9502C23F75B0045A620 /* SceneDelegate.swift */; };
		880ED9532C23F75B0045A620 /* ViewController.swift in Sources */ = {isa = PBXBuildFile; fileRef = 880ED9522C23F75B0045A620 /* ViewController.swift */; };
		880ED9582C23F75D0045A620 /* Assets.xcassets in Resources */ = {isa = PBXBuildFile; fileRef = 880ED9572C23F75D0045A620 /* Assets.xcassets */; };
		880ED95B2C23F75D0045A620 /* Base in Resources */ = {isa = PBXBuildFile; fileRef = 880ED95A2C23F75D0045A620 /* Base */; };
		880ED9762C2402BF0045A620 /* SnapKit in Frameworks */ = {isa = PBXBuildFile; productRef = 880ED9752C2402BF0045A620 /* SnapKit */; };
		880ED9792C2402CA0045A620 /* Then in Frameworks */ = {isa = PBXBuildFile; productRef = 880ED9782C2402CA0045A620 /* Then */; };
		880ED97C2C2402D90045A620 /* Kingfisher in Frameworks */ = {isa = PBXBuildFile; productRef = 880ED97B2C2402D90045A620 /* Kingfisher */; };
		880ED97F2C2402FC0045A620 /* Moya in Frameworks */ = {isa = PBXBuildFile; productRef = 880ED97E2C2402FC0045A620 /* Moya */; };
		880ED9812C2402FC0045A620 /* ReactiveMoya in Frameworks */ = {isa = PBXBuildFile; productRef = 880ED9802C2402FC0045A620 /* ReactiveMoya */; };
		880ED9832C2402FC0045A620 /* RxMoya in Frameworks */ = {isa = PBXBuildFile; productRef = 880ED9822C2402FC0045A620 /* RxMoya */; };
		880ED9862C2403120045A620 /* RxCocoa in Frameworks */ = {isa = PBXBuildFile; productRef = 880ED9852C2403120045A620 /* RxCocoa */; };
		880ED9882C2403120045A620 /* RxRelay in Frameworks */ = {isa = PBXBuildFile; productRef = 880ED9872C2403120045A620 /* RxRelay */; };
		880ED98A2C2403120045A620 /* RxSwift in Frameworks */ = {isa = PBXBuildFile; productRef = 880ED9892C2403120045A620 /* RxSwift */; };
		880ED98D2C2403490045A620 /* Differentiator in Frameworks */ = {isa = PBXBuildFile; productRef = 880ED98C2C2403490045A620 /* Differentiator */; };
		880ED98F2C2403490045A620 /* RxDataSources in Frameworks */ = {isa = PBXBuildFile; productRef = 880ED98E2C2403490045A620 /* RxDataSources */; };
		882DB15B2C31C45400D73FEF /* LoginView.swift in Sources */ = {isa = PBXBuildFile; fileRef = 882DB15A2C31C45400D73FEF /* LoginView.swift */; };
		8851A2722C2404CA006912D4 /* .swiftlint.yml in Resources */ = {isa = PBXBuildFile; fileRef = 8851A2712C2404CA006912D4 /* .swiftlint.yml */; };
/* End PBXBuildFile section */

/* Begin PBXFileReference section */
		880ED94B2C23F75B0045A620 /* UniVoice.app */ = {isa = PBXFileReference; explicitFileType = wrapper.application; includeInIndex = 0; path = UniVoice.app; sourceTree = BUILT_PRODUCTS_DIR; };
		880ED94E2C23F75B0045A620 /* AppDelegate.swift */ = {isa = PBXFileReference; lastKnownFileType = sourcecode.swift; path = AppDelegate.swift; sourceTree = "<group>"; };
		880ED9502C23F75B0045A620 /* SceneDelegate.swift */ = {isa = PBXFileReference; lastKnownFileType = sourcecode.swift; path = SceneDelegate.swift; sourceTree = "<group>"; };
		880ED9522C23F75B0045A620 /* ViewController.swift */ = {isa = PBXFileReference; lastKnownFileType = sourcecode.swift; path = ViewController.swift; sourceTree = "<group>"; };
		880ED9572C23F75D0045A620 /* Assets.xcassets */ = {isa = PBXFileReference; lastKnownFileType = folder.assetcatalog; path = Assets.xcassets; sourceTree = "<group>"; };
		880ED95A2C23F75D0045A620 /* Base */ = {isa = PBXFileReference; lastKnownFileType = file.storyboard; name = Base; path = Base.lproj/LaunchScreen.storyboard; sourceTree = "<group>"; };
		880ED95C2C23F75D0045A620 /* Info.plist */ = {isa = PBXFileReference; lastKnownFileType = text.plist.xml; path = Info.plist; sourceTree = "<group>"; };
		882DB15A2C31C45400D73FEF /* LoginView.swift */ = {isa = PBXFileReference; lastKnownFileType = sourcecode.swift; path = LoginView.swift; sourceTree = "<group>"; };
		8851A2712C2404CA006912D4 /* .swiftlint.yml */ = {isa = PBXFileReference; fileEncoding = 4; lastKnownFileType = text.yaml; path = .swiftlint.yml; sourceTree = "<group>"; };
/* End PBXFileReference section */

/* Begin PBXFrameworksBuildPhase section */
		880ED9482C23F75B0045A620 /* Frameworks */ = {
			isa = PBXFrameworksBuildPhase;
			buildActionMask = 2147483647;
			files = (
				880ED98A2C2403120045A620 /* RxSwift in Frameworks */,
				880ED9832C2402FC0045A620 /* RxMoya in Frameworks */,
				880ED97C2C2402D90045A620 /* Kingfisher in Frameworks */,
				880ED9762C2402BF0045A620 /* SnapKit in Frameworks */,
				880ED9862C2403120045A620 /* RxCocoa in Frameworks */,
				880ED98F2C2403490045A620 /* RxDataSources in Frameworks */,
				880ED97F2C2402FC0045A620 /* Moya in Frameworks */,
				880ED98D2C2403490045A620 /* Differentiator in Frameworks */,
				880ED9812C2402FC0045A620 /* ReactiveMoya in Frameworks */,
				880ED9882C2403120045A620 /* RxRelay in Frameworks */,
				880ED9792C2402CA0045A620 /* Then in Frameworks */,
			);
			runOnlyForDeploymentPostprocessing = 0;
		};
/* End PBXFrameworksBuildPhase section */

/* Begin PBXGroup section */
		880ED9422C23F75B0045A620 = {
			isa = PBXGroup;
			children = (
				8851A2712C2404CA006912D4 /* .swiftlint.yml */,
				880ED94D2C23F75B0045A620 /* UniVoice */,
				880ED94C2C23F75B0045A620 /* Products */,
			);
			sourceTree = "<group>";
		};
		880ED94C2C23F75B0045A620 /* Products */ = {
			isa = PBXGroup;
			children = (
				880ED94B2C23F75B0045A620 /* UniVoice.app */,
			);
			name = Products;
			sourceTree = "<group>";
		};
		880ED94D2C23F75B0045A620 /* UniVoice */ = {
			isa = PBXGroup;
			children = (
				880ED9622C23FD980045A620 /* Application */,
				880ED9632C23FDA00045A620 /* Global */,
				880ED9652C23FDB30045A620 /* Data */,
				880ED9642C23FDAF0045A620 /* Domain */,
				880ED9662C23FDB60045A620 /* Presentation */,
			);
			path = UniVoice;
			sourceTree = "<group>";
		};
		880ED9622C23FD980045A620 /* Application */ = {
			isa = PBXGroup;
			children = (
				880ED94E2C23F75B0045A620 /* AppDelegate.swift */,
				880ED9502C23F75B0045A620 /* SceneDelegate.swift */,
				880ED9522C23F75B0045A620 /* ViewController.swift */,
				880ED9592C23F75D0045A620 /* LaunchScreen.storyboard */,
			);
			path = Application;
			sourceTree = "<group>";
		};
		880ED9632C23FDA00045A620 /* Global */ = {
			isa = PBXGroup;
			children = (
				880ED96A2C23FE3A0045A620 /* Resource */,
				880ED96B2C23FE400045A620 /* Literal */,
				880ED96C2C23FE460045A620 /* Extension */,
				880ED96D2C23FE550045A620 /* Utility */,
			);
			path = Global;
			sourceTree = "<group>";
		};
		880ED9642C23FDAF0045A620 /* Domain */ = {
			isa = PBXGroup;
			children = (
			);
			path = Domain;
			sourceTree = "<group>";
		};
		880ED9652C23FDB30045A620 /* Data */ = {
			isa = PBXGroup;
			children = (
				880ED9692C23FE1E0045A620 /* DTO */,
				880ED9682C23FE160045A620 /* Router */,
				880ED9672C23FE0F0045A620 /* Base */,
			);
			path = Data;
			sourceTree = "<group>";
		};
		880ED9662C23FDB60045A620 /* Presentation */ = {
			isa = PBXGroup;
			children = (
				882DB1562C31C35B00D73FEF /* LoginPage */,
				880ED9732C24011A0045A620 /* Components */,
				880ED96E2C23FEB30045A620 /* Dummy */,
			);
			path = Presentation;
			sourceTree = "<group>";
		};
		880ED9672C23FE0F0045A620 /* Base */ = {
			isa = PBXGroup;
			children = (
			);
			path = Base;
			sourceTree = "<group>";
		};
		880ED9682C23FE160045A620 /* Router */ = {
			isa = PBXGroup;
			children = (
			);
			path = Router;
			sourceTree = "<group>";
		};
		880ED9692C23FE1E0045A620 /* DTO */ = {
			isa = PBXGroup;
			children = (
			);
			path = DTO;
			sourceTree = "<group>";
		};
		880ED96A2C23FE3A0045A620 /* Resource */ = {
			isa = PBXGroup;
			children = (
				880ED9572C23F75D0045A620 /* Assets.xcassets */,
			);
			path = Resource;
			sourceTree = "<group>";
		};
		880ED96B2C23FE400045A620 /* Literal */ = {
			isa = PBXGroup;
			children = (
			);
			path = Literal;
			sourceTree = "<group>";
		};
		880ED96C2C23FE460045A620 /* Extension */ = {
			isa = PBXGroup;
			children = (
			);
			path = Extension;
			sourceTree = "<group>";
		};
		880ED96D2C23FE550045A620 /* Utility */ = {
			isa = PBXGroup;
			children = (
				880ED95C2C23F75D0045A620 /* Info.plist */,
			);
			path = Utility;
			sourceTree = "<group>";
		};
		880ED96E2C23FEB30045A620 /* Dummy */ = {
			isa = PBXGroup;
			children = (
				880ED9712C23FED90045A620 /* ViewController */,
				880ED9702C23FED20045A620 /* ViewModel */,
				880ED96F2C23FECD0045A620 /* View */,
			);
			path = Dummy;
			sourceTree = "<group>";
		};
		880ED96F2C23FECD0045A620 /* View */ = {
			isa = PBXGroup;
			children = (
				880ED9722C23FEE00045A620 /* Cell */,
			);
			path = View;
			sourceTree = "<group>";
		};
		880ED9702C23FED20045A620 /* ViewModel */ = {
			isa = PBXGroup;
			children = (
			);
			path = ViewModel;
			sourceTree = "<group>";
		};
		880ED9712C23FED90045A620 /* ViewController */ = {
			isa = PBXGroup;
			children = (
			);
			path = ViewController;
			sourceTree = "<group>";
		};
		880ED9722C23FEE00045A620 /* Cell */ = {
			isa = PBXGroup;
			children = (
			);
			path = Cell;
			sourceTree = "<group>";
		};
		880ED9732C24011A0045A620 /* Components */ = {
			isa = PBXGroup;
			children = (
			);
			path = Components;
			sourceTree = "<group>";
		};
		882DB1562C31C35B00D73FEF /* LoginPage */ = {
			isa = PBXGroup;
			children = (
				882DB1592C31C3E900D73FEF /* View */,
				882DB1582C31C39D00D73FEF /* ViewModel */,
				882DB1572C31C37000D73FEF /* ViewController */,
			);
			path = LoginPage;
			sourceTree = "<group>";
		};
		882DB1572C31C37000D73FEF /* ViewController */ = {
			isa = PBXGroup;
			children = (
			);
			path = ViewController;
			sourceTree = "<group>";
		};
		882DB1582C31C39D00D73FEF /* ViewModel */ = {
			isa = PBXGroup;
			children = (
			);
			path = ViewModel;
			sourceTree = "<group>";
		};
		882DB1592C31C3E900D73FEF /* View */ = {
			isa = PBXGroup;
			children = (
				882DB15A2C31C45400D73FEF /* LoginView.swift */,
			);
			path = View;
			sourceTree = "<group>";
		};
/* End PBXGroup section */

/* Begin PBXNativeTarget section */
		880ED94A2C23F75B0045A620 /* UniVoice */ = {
			isa = PBXNativeTarget;
			buildConfigurationList = 880ED95F2C23F75D0045A620 /* Build configuration list for PBXNativeTarget "UniVoice" */;
			buildPhases = (
				880ED9472C23F75B0045A620 /* Sources */,
				880ED9482C23F75B0045A620 /* Frameworks */,
				880ED9492C23F75B0045A620 /* Resources */,
				8851A2732C2404FE006912D4 /* ShellScript */,
			);
			buildRules = (
			);
			dependencies = (
			);
			name = UniVoice;
			packageProductDependencies = (
				880ED9752C2402BF0045A620 /* SnapKit */,
				880ED9782C2402CA0045A620 /* Then */,
				880ED97B2C2402D90045A620 /* Kingfisher */,
				880ED97E2C2402FC0045A620 /* Moya */,
				880ED9802C2402FC0045A620 /* ReactiveMoya */,
				880ED9822C2402FC0045A620 /* RxMoya */,
				880ED9852C2403120045A620 /* RxCocoa */,
				880ED9872C2403120045A620 /* RxRelay */,
				880ED9892C2403120045A620 /* RxSwift */,
				880ED98C2C2403490045A620 /* Differentiator */,
				880ED98E2C2403490045A620 /* RxDataSources */,
			);
			productName = UniVoice;
			productReference = 880ED94B2C23F75B0045A620 /* UniVoice.app */;
			productType = "com.apple.product-type.application";
		};
/* End PBXNativeTarget section */

/* Begin PBXProject section */
		880ED9432C23F75B0045A620 /* Project object */ = {
			isa = PBXProject;
			attributes = {
				BuildIndependentTargetsInParallel = 1;
				LastSwiftUpdateCheck = 1540;
				LastUpgradeCheck = 1540;
				TargetAttributes = {
					880ED94A2C23F75B0045A620 = {
						CreatedOnToolsVersion = 15.4;
					};
				};
			};
			buildConfigurationList = 880ED9462C23F75B0045A620 /* Build configuration list for PBXProject "UniVoice" */;
			compatibilityVersion = "Xcode 14.0";
			developmentRegion = en;
			hasScannedForEncodings = 0;
			knownRegions = (
				en,
				Base,
			);
			mainGroup = 880ED9422C23F75B0045A620;
			packageReferences = (
				880ED9742C2402BF0045A620 /* XCRemoteSwiftPackageReference "SnapKit" */,
				880ED9772C2402CA0045A620 /* XCRemoteSwiftPackageReference "Then" */,
				880ED97A2C2402D90045A620 /* XCRemoteSwiftPackageReference "Kingfisher" */,
				880ED97D2C2402FC0045A620 /* XCRemoteSwiftPackageReference "Moya" */,
				880ED9842C2403120045A620 /* XCRemoteSwiftPackageReference "RxSwift" */,
				880ED98B2C2403490045A620 /* XCRemoteSwiftPackageReference "RxDataSources" */,
			);
			productRefGroup = 880ED94C2C23F75B0045A620 /* Products */;
			projectDirPath = "";
			projectRoot = "";
			targets = (
				880ED94A2C23F75B0045A620 /* UniVoice */,
			);
		};
/* End PBXProject section */

/* Begin PBXResourcesBuildPhase section */
		880ED9492C23F75B0045A620 /* Resources */ = {
			isa = PBXResourcesBuildPhase;
			buildActionMask = 2147483647;
			files = (
				8851A2722C2404CA006912D4 /* .swiftlint.yml in Resources */,
				880ED9582C23F75D0045A620 /* Assets.xcassets in Resources */,
				880ED95B2C23F75D0045A620 /* Base in Resources */,
			);
			runOnlyForDeploymentPostprocessing = 0;
		};
/* End PBXResourcesBuildPhase section */

/* Begin PBXShellScriptBuildPhase section */
		8851A2732C2404FE006912D4 /* ShellScript */ = {
			isa = PBXShellScriptBuildPhase;
			alwaysOutOfDate = 1;
			buildActionMask = 2147483647;
			files = (
			);
			inputFileListPaths = (
			);
			inputPaths = (
			);
			outputFileListPaths = (
			);
			outputPaths = (
			);
			runOnlyForDeploymentPostprocessing = 0;
			shellPath = /bin/sh;
			shellScript = "if [[ \"$(uname -m)\" == arm64 ]]; then\n    export PATH=\"/opt/homebrew/bin:$PATH\"\nfi\n\nif which swiftlint > /dev/null; then\n  swiftlint\nelse\n  echo \"warning: SwiftLint not installed, download from https://github.com/realm/SwiftLint\"\nfi\n";
		};
/* End PBXShellScriptBuildPhase section */

/* Begin PBXSourcesBuildPhase section */
		880ED9472C23F75B0045A620 /* Sources */ = {
			isa = PBXSourcesBuildPhase;
			buildActionMask = 2147483647;
			files = (
				880ED9532C23F75B0045A620 /* ViewController.swift in Sources */,
				880ED94F2C23F75B0045A620 /* AppDelegate.swift in Sources */,
				882DB15B2C31C45400D73FEF /* LoginView.swift in Sources */,
				880ED9512C23F75B0045A620 /* SceneDelegate.swift in Sources */,
			);
			runOnlyForDeploymentPostprocessing = 0;
		};
/* End PBXSourcesBuildPhase section */

/* Begin PBXVariantGroup section */
		880ED9592C23F75D0045A620 /* LaunchScreen.storyboard */ = {
			isa = PBXVariantGroup;
			children = (
				880ED95A2C23F75D0045A620 /* Base */,
			);
			name = LaunchScreen.storyboard;
			sourceTree = "<group>";
		};
/* End PBXVariantGroup section */

/* Begin XCBuildConfiguration section */
		880ED95D2C23F75D0045A620 /* Debug */ = {
			isa = XCBuildConfiguration;
			buildSettings = {
				ALWAYS_SEARCH_USER_PATHS = NO;
				ASSETCATALOG_COMPILER_GENERATE_SWIFT_ASSET_SYMBOL_EXTENSIONS = YES;
				CLANG_ANALYZER_NONNULL = YES;
				CLANG_ANALYZER_NUMBER_OBJECT_CONVERSION = YES_AGGRESSIVE;
				CLANG_CXX_LANGUAGE_STANDARD = "gnu++20";
				CLANG_ENABLE_MODULES = YES;
				CLANG_ENABLE_OBJC_ARC = YES;
				CLANG_ENABLE_OBJC_WEAK = YES;
				CLANG_WARN_BLOCK_CAPTURE_AUTORELEASING = YES;
				CLANG_WARN_BOOL_CONVERSION = YES;
				CLANG_WARN_COMMA = YES;
				CLANG_WARN_CONSTANT_CONVERSION = YES;
				CLANG_WARN_DEPRECATED_OBJC_IMPLEMENTATIONS = YES;
				CLANG_WARN_DIRECT_OBJC_ISA_USAGE = YES_ERROR;
				CLANG_WARN_DOCUMENTATION_COMMENTS = YES;
				CLANG_WARN_EMPTY_BODY = YES;
				CLANG_WARN_ENUM_CONVERSION = YES;
				CLANG_WARN_INFINITE_RECURSION = YES;
				CLANG_WARN_INT_CONVERSION = YES;
				CLANG_WARN_NON_LITERAL_NULL_CONVERSION = YES;
				CLANG_WARN_OBJC_IMPLICIT_RETAIN_SELF = YES;
				CLANG_WARN_OBJC_LITERAL_CONVERSION = YES;
				CLANG_WARN_OBJC_ROOT_CLASS = YES_ERROR;
				CLANG_WARN_QUOTED_INCLUDE_IN_FRAMEWORK_HEADER = YES;
				CLANG_WARN_RANGE_LOOP_ANALYSIS = YES;
				CLANG_WARN_STRICT_PROTOTYPES = YES;
				CLANG_WARN_SUSPICIOUS_MOVE = YES;
				CLANG_WARN_UNGUARDED_AVAILABILITY = YES_AGGRESSIVE;
				CLANG_WARN_UNREACHABLE_CODE = YES;
				CLANG_WARN__DUPLICATE_METHOD_MATCH = YES;
				COPY_PHASE_STRIP = NO;
				DEBUG_INFORMATION_FORMAT = dwarf;
				ENABLE_STRICT_OBJC_MSGSEND = YES;
				ENABLE_TESTABILITY = YES;
				ENABLE_USER_SCRIPT_SANDBOXING = YES;
				GCC_C_LANGUAGE_STANDARD = gnu17;
				GCC_DYNAMIC_NO_PIC = NO;
				GCC_NO_COMMON_BLOCKS = YES;
				GCC_OPTIMIZATION_LEVEL = 0;
				GCC_PREPROCESSOR_DEFINITIONS = (
					"DEBUG=1",
					"$(inherited)",
				);
				GCC_WARN_64_TO_32_BIT_CONVERSION = YES;
				GCC_WARN_ABOUT_RETURN_TYPE = YES_ERROR;
				GCC_WARN_UNDECLARED_SELECTOR = YES;
				GCC_WARN_UNINITIALIZED_AUTOS = YES_AGGRESSIVE;
				GCC_WARN_UNUSED_FUNCTION = YES;
				GCC_WARN_UNUSED_VARIABLE = YES;
				INFOPLIST_FILE = UniVoice/Global/Utility/Info.plist;
				IPHONEOS_DEPLOYMENT_TARGET = 13.0;
				LOCALIZATION_PREFERS_STRING_CATALOGS = YES;
				MTL_ENABLE_DEBUG_INFO = INCLUDE_SOURCE;
				MTL_FAST_MATH = YES;
				ONLY_ACTIVE_ARCH = YES;
				SDKROOT = iphoneos;
				SWIFT_ACTIVE_COMPILATION_CONDITIONS = "DEBUG $(inherited)";
				SWIFT_OPTIMIZATION_LEVEL = "-Onone";
			};
			name = Debug;
		};
		880ED95E2C23F75D0045A620 /* Release */ = {
			isa = XCBuildConfiguration;
			buildSettings = {
				ALWAYS_SEARCH_USER_PATHS = NO;
				ASSETCATALOG_COMPILER_GENERATE_SWIFT_ASSET_SYMBOL_EXTENSIONS = YES;
				CLANG_ANALYZER_NONNULL = YES;
				CLANG_ANALYZER_NUMBER_OBJECT_CONVERSION = YES_AGGRESSIVE;
				CLANG_CXX_LANGUAGE_STANDARD = "gnu++20";
				CLANG_ENABLE_MODULES = YES;
				CLANG_ENABLE_OBJC_ARC = YES;
				CLANG_ENABLE_OBJC_WEAK = YES;
				CLANG_WARN_BLOCK_CAPTURE_AUTORELEASING = YES;
				CLANG_WARN_BOOL_CONVERSION = YES;
				CLANG_WARN_COMMA = YES;
				CLANG_WARN_CONSTANT_CONVERSION = YES;
				CLANG_WARN_DEPRECATED_OBJC_IMPLEMENTATIONS = YES;
				CLANG_WARN_DIRECT_OBJC_ISA_USAGE = YES_ERROR;
				CLANG_WARN_DOCUMENTATION_COMMENTS = YES;
				CLANG_WARN_EMPTY_BODY = YES;
				CLANG_WARN_ENUM_CONVERSION = YES;
				CLANG_WARN_INFINITE_RECURSION = YES;
				CLANG_WARN_INT_CONVERSION = YES;
				CLANG_WARN_NON_LITERAL_NULL_CONVERSION = YES;
				CLANG_WARN_OBJC_IMPLICIT_RETAIN_SELF = YES;
				CLANG_WARN_OBJC_LITERAL_CONVERSION = YES;
				CLANG_WARN_OBJC_ROOT_CLASS = YES_ERROR;
				CLANG_WARN_QUOTED_INCLUDE_IN_FRAMEWORK_HEADER = YES;
				CLANG_WARN_RANGE_LOOP_ANALYSIS = YES;
				CLANG_WARN_STRICT_PROTOTYPES = YES;
				CLANG_WARN_SUSPICIOUS_MOVE = YES;
				CLANG_WARN_UNGUARDED_AVAILABILITY = YES_AGGRESSIVE;
				CLANG_WARN_UNREACHABLE_CODE = YES;
				CLANG_WARN__DUPLICATE_METHOD_MATCH = YES;
				COPY_PHASE_STRIP = NO;
				DEBUG_INFORMATION_FORMAT = "dwarf-with-dsym";
				ENABLE_NS_ASSERTIONS = NO;
				ENABLE_STRICT_OBJC_MSGSEND = YES;
				ENABLE_USER_SCRIPT_SANDBOXING = YES;
				GCC_C_LANGUAGE_STANDARD = gnu17;
				GCC_NO_COMMON_BLOCKS = YES;
				GCC_WARN_64_TO_32_BIT_CONVERSION = YES;
				GCC_WARN_ABOUT_RETURN_TYPE = YES_ERROR;
				GCC_WARN_UNDECLARED_SELECTOR = YES;
				GCC_WARN_UNINITIALIZED_AUTOS = YES_AGGRESSIVE;
				GCC_WARN_UNUSED_FUNCTION = YES;
				GCC_WARN_UNUSED_VARIABLE = YES;
				INFOPLIST_FILE = UniVoice/Global/Utility/Info.plist;
				IPHONEOS_DEPLOYMENT_TARGET = 13.0;
				LOCALIZATION_PREFERS_STRING_CATALOGS = YES;
				MTL_ENABLE_DEBUG_INFO = NO;
				MTL_FAST_MATH = YES;
				SDKROOT = iphoneos;
				SWIFT_COMPILATION_MODE = wholemodule;
				VALIDATE_PRODUCT = YES;
			};
			name = Release;
		};
		880ED9602C23F75D0045A620 /* Debug */ = {
			isa = XCBuildConfiguration;
			buildSettings = {
				ASSETCATALOG_COMPILER_APPICON_NAME = AppIcon;
				ASSETCATALOG_COMPILER_GLOBAL_ACCENT_COLOR_NAME = AccentColor;
				CODE_SIGN_STYLE = Automatic;
				CURRENT_PROJECT_VERSION = 1;
				DEVELOPMENT_TEAM = "";
				ENABLE_USER_SCRIPT_SANDBOXING = NO;
				GENERATE_INFOPLIST_FILE = YES;
				INFOPLIST_FILE = UniVoice/Global/Utility/Info.plist;
				INFOPLIST_KEY_UIApplicationSupportsIndirectInputEvents = YES;
				INFOPLIST_KEY_UILaunchStoryboardName = LaunchScreen;
				INFOPLIST_KEY_UISupportedInterfaceOrientations = UIInterfaceOrientationPortrait;
				INFOPLIST_KEY_UISupportedInterfaceOrientations_iPad = "UIInterfaceOrientationLandscapeLeft UIInterfaceOrientationLandscapeRight UIInterfaceOrientationPortrait UIInterfaceOrientationPortraitUpsideDown";
				IPHONEOS_DEPLOYMENT_TARGET = 13.0;
				LD_RUNPATH_SEARCH_PATHS = (
					"$(inherited)",
					"@executable_path/Frameworks",
				);
				MARKETING_VERSION = 1.0;
				PRODUCT_BUNDLE_IDENTIFIER = com.Frank.UniVoice;
				PRODUCT_NAME = "$(TARGET_NAME)";
				SUPPORTED_PLATFORMS = "iphoneos iphonesimulator";
				SUPPORTS_MACCATALYST = NO;
				SWIFT_EMIT_LOC_STRINGS = YES;
				SWIFT_VERSION = 5.0;
				TARGETED_DEVICE_FAMILY = 1;
			};
			name = Debug;
		};
		880ED9612C23F75D0045A620 /* Release */ = {
			isa = XCBuildConfiguration;
			buildSettings = {
				ASSETCATALOG_COMPILER_APPICON_NAME = AppIcon;
				ASSETCATALOG_COMPILER_GLOBAL_ACCENT_COLOR_NAME = AccentColor;
				CODE_SIGN_STYLE = Automatic;
				CURRENT_PROJECT_VERSION = 1;
				DEVELOPMENT_TEAM = "";
				ENABLE_USER_SCRIPT_SANDBOXING = NO;
				GENERATE_INFOPLIST_FILE = YES;
				INFOPLIST_FILE = UniVoice/Global/Utility/Info.plist;
				INFOPLIST_KEY_UIApplicationSupportsIndirectInputEvents = YES;
				INFOPLIST_KEY_UILaunchStoryboardName = LaunchScreen;
				INFOPLIST_KEY_UISupportedInterfaceOrientations = UIInterfaceOrientationPortrait;
				INFOPLIST_KEY_UISupportedInterfaceOrientations_iPad = "UIInterfaceOrientationLandscapeLeft UIInterfaceOrientationLandscapeRight UIInterfaceOrientationPortrait UIInterfaceOrientationPortraitUpsideDown";
				IPHONEOS_DEPLOYMENT_TARGET = 13.0;
				LD_RUNPATH_SEARCH_PATHS = (
					"$(inherited)",
					"@executable_path/Frameworks",
				);
				MARKETING_VERSION = 1.0;
				PRODUCT_BUNDLE_IDENTIFIER = com.Frank.UniVoice;
				PRODUCT_NAME = "$(TARGET_NAME)";
				SUPPORTED_PLATFORMS = "iphoneos iphonesimulator";
				SUPPORTS_MACCATALYST = NO;
				SWIFT_EMIT_LOC_STRINGS = YES;
				SWIFT_VERSION = 5.0;
				TARGETED_DEVICE_FAMILY = 1;
			};
			name = Release;
		};
/* End XCBuildConfiguration section */

/* Begin XCConfigurationList section */
		880ED9462C23F75B0045A620 /* Build configuration list for PBXProject "UniVoice" */ = {
			isa = XCConfigurationList;
			buildConfigurations = (
				880ED95D2C23F75D0045A620 /* Debug */,
				880ED95E2C23F75D0045A620 /* Release */,
			);
			defaultConfigurationIsVisible = 0;
			defaultConfigurationName = Release;
		};
		880ED95F2C23F75D0045A620 /* Build configuration list for PBXNativeTarget "UniVoice" */ = {
			isa = XCConfigurationList;
			buildConfigurations = (
				880ED9602C23F75D0045A620 /* Debug */,
				880ED9612C23F75D0045A620 /* Release */,
			);
			defaultConfigurationIsVisible = 0;
			defaultConfigurationName = Release;
		};
/* End XCConfigurationList section */

/* Begin XCRemoteSwiftPackageReference section */
		880ED9742C2402BF0045A620 /* XCRemoteSwiftPackageReference "SnapKit" */ = {
			isa = XCRemoteSwiftPackageReference;
			repositoryURL = "https://github.com/SnapKit/SnapKit.git";
			requirement = {
				kind = upToNextMajorVersion;
				minimumVersion = 5.7.1;
			};
		};
		880ED9772C2402CA0045A620 /* XCRemoteSwiftPackageReference "Then" */ = {
			isa = XCRemoteSwiftPackageReference;
			repositoryURL = "https://github.com/devxoul/Then.git";
			requirement = {
				kind = upToNextMajorVersion;
				minimumVersion = 3.0.0;
			};
		};
		880ED97A2C2402D90045A620 /* XCRemoteSwiftPackageReference "Kingfisher" */ = {
			isa = XCRemoteSwiftPackageReference;
			repositoryURL = "https://github.com/onevcat/Kingfisher.git";
			requirement = {
				kind = upToNextMajorVersion;
				minimumVersion = 7.12.0;
			};
		};
		880ED97D2C2402FC0045A620 /* XCRemoteSwiftPackageReference "Moya" */ = {
			isa = XCRemoteSwiftPackageReference;
			repositoryURL = "https://github.com/Moya/Moya";
			requirement = {
				kind = upToNextMajorVersion;
				minimumVersion = 15.0.3;
			};
		};
		880ED9842C2403120045A620 /* XCRemoteSwiftPackageReference "RxSwift" */ = {
			isa = XCRemoteSwiftPackageReference;
			repositoryURL = "https://github.com/ReactiveX/RxSwift.git";
			requirement = {
				kind = upToNextMajorVersion;
				minimumVersion = 6.7.1;
			};
		};
		880ED98B2C2403490045A620 /* XCRemoteSwiftPackageReference "RxDataSources" */ = {
			isa = XCRemoteSwiftPackageReference;
			repositoryURL = "https://github.com/RxSwiftCommunity/RxDataSources";
			requirement = {
				kind = upToNextMajorVersion;
				minimumVersion = 5.0.2;
			};
		};
/* End XCRemoteSwiftPackageReference section */

/* Begin XCSwiftPackageProductDependency section */
		880ED9752C2402BF0045A620 /* SnapKit */ = {
			isa = XCSwiftPackageProductDependency;
			package = 880ED9742C2402BF0045A620 /* XCRemoteSwiftPackageReference "SnapKit" */;
			productName = SnapKit;
		};
		880ED9782C2402CA0045A620 /* Then */ = {
			isa = XCSwiftPackageProductDependency;
			package = 880ED9772C2402CA0045A620 /* XCRemoteSwiftPackageReference "Then" */;
			productName = Then;
		};
		880ED97B2C2402D90045A620 /* Kingfisher */ = {
			isa = XCSwiftPackageProductDependency;
			package = 880ED97A2C2402D90045A620 /* XCRemoteSwiftPackageReference "Kingfisher" */;
			productName = Kingfisher;
		};
		880ED97E2C2402FC0045A620 /* Moya */ = {
			isa = XCSwiftPackageProductDependency;
			package = 880ED97D2C2402FC0045A620 /* XCRemoteSwiftPackageReference "Moya" */;
			productName = Moya;
		};
		880ED9802C2402FC0045A620 /* ReactiveMoya */ = {
			isa = XCSwiftPackageProductDependency;
			package = 880ED97D2C2402FC0045A620 /* XCRemoteSwiftPackageReference "Moya" */;
			productName = ReactiveMoya;
		};
		880ED9822C2402FC0045A620 /* RxMoya */ = {
			isa = XCSwiftPackageProductDependency;
			package = 880ED97D2C2402FC0045A620 /* XCRemoteSwiftPackageReference "Moya" */;
			productName = RxMoya;
		};
		880ED9852C2403120045A620 /* RxCocoa */ = {
			isa = XCSwiftPackageProductDependency;
			package = 880ED9842C2403120045A620 /* XCRemoteSwiftPackageReference "RxSwift" */;
			productName = RxCocoa;
		};
		880ED9872C2403120045A620 /* RxRelay */ = {
			isa = XCSwiftPackageProductDependency;
			package = 880ED9842C2403120045A620 /* XCRemoteSwiftPackageReference "RxSwift" */;
			productName = RxRelay;
		};
		880ED9892C2403120045A620 /* RxSwift */ = {
			isa = XCSwiftPackageProductDependency;
			package = 880ED9842C2403120045A620 /* XCRemoteSwiftPackageReference "RxSwift" */;
			productName = RxSwift;
		};
		880ED98C2C2403490045A620 /* Differentiator */ = {
			isa = XCSwiftPackageProductDependency;
			package = 880ED98B2C2403490045A620 /* XCRemoteSwiftPackageReference "RxDataSources" */;
			productName = Differentiator;
		};
		880ED98E2C2403490045A620 /* RxDataSources */ = {
			isa = XCSwiftPackageProductDependency;
			package = 880ED98B2C2403490045A620 /* XCRemoteSwiftPackageReference "RxDataSources" */;
			productName = RxDataSources;
		};
/* End XCSwiftPackageProductDependency section */
	};
	rootObject = 880ED9432C23F75B0045A620 /* Project object */;
}
