// !$*UTF8*$!
{
	archiveVersion = 1;
	classes = {
	};
	objectVersion = 56;
	objects = {

/* Begin PBXBuildFile section */
		211B408A2C3E8424008CFAAD /* StudentInfoInputVM.swift in Sources */ = {isa = PBXBuildFile; fileRef = 211B40892C3E8424008CFAAD /* StudentInfoInputVM.swift */; };
		211B408C2C3ED58A008CFAAD /* StudentInfoConfirmVM.swift in Sources */ = {isa = PBXBuildFile; fileRef = 211B408B2C3ED58A008CFAAD /* StudentInfoConfirmVM.swift */; };
		2132A8382C3A6BA800795667 /* StudentIDPhotoInputVC.swift in Sources */ = {isa = PBXBuildFile; fileRef = 2132A8372C3A6BA800795667 /* StudentIDPhotoInputVC.swift */; };
		2132A83A2C3A6E2B00795667 /* StudentIDPhotoInputView.swift in Sources */ = {isa = PBXBuildFile; fileRef = 2132A8392C3A6E2B00795667 /* StudentIDPhotoInputView.swift */; };
		2132A83C2C3A6FAD00795667 /* StudentInfoInputView.swift in Sources */ = {isa = PBXBuildFile; fileRef = 2132A83B2C3A6FAD00795667 /* StudentInfoInputView.swift */; };
		2132A83E2C3A6FC000795667 /* StudentInfoConfirmView.swift in Sources */ = {isa = PBXBuildFile; fileRef = 2132A83D2C3A6FC000795667 /* StudentInfoConfirmView.swift */; };
		2132A8402C3A6FC800795667 /* TOSCheckView.swift in Sources */ = {isa = PBXBuildFile; fileRef = 2132A83F2C3A6FC800795667 /* TOSCheckView.swift */; };
		2132A8422C3A6FD400795667 /* CreateAccountView.swift in Sources */ = {isa = PBXBuildFile; fileRef = 2132A8412C3A6FD400795667 /* CreateAccountView.swift */; };
		2132A8442C3A6FEA00795667 /* SignUpInfoCheckingView.swift in Sources */ = {isa = PBXBuildFile; fileRef = 2132A8432C3A6FE900795667 /* SignUpInfoCheckingView.swift */; };
		2132A8462C3A6FFB00795667 /* StudentInfoInputVC.swift in Sources */ = {isa = PBXBuildFile; fileRef = 2132A8452C3A6FFB00795667 /* StudentInfoInputVC.swift */; };
		2132A8482C3A700F00795667 /* StudentInfoConfirmVC.swift in Sources */ = {isa = PBXBuildFile; fileRef = 2132A8472C3A700F00795667 /* StudentInfoConfirmVC.swift */; };
		2132A84A2C3A701600795667 /* TOSCheckVC.swift in Sources */ = {isa = PBXBuildFile; fileRef = 2132A8492C3A701600795667 /* TOSCheckVC.swift */; };
		2132A84C2C3A701D00795667 /* CreateAccountVC.swift in Sources */ = {isa = PBXBuildFile; fileRef = 2132A84B2C3A701D00795667 /* CreateAccountVC.swift */; };
		2132A84E2C3A702400795667 /* SignUpInfoCheckingVC.swift in Sources */ = {isa = PBXBuildFile; fileRef = 2132A84D2C3A702400795667 /* SignUpInfoCheckingVC.swift */; };
		2195F6DA2C397531008D2485 /* StudentIDPhotoInputVM.swift in Sources */ = {isa = PBXBuildFile; fileRef = 2195F6D92C397531008D2485 /* StudentIDPhotoInputVM.swift */; };
		21DF05C42C3FCE01005EB117 /* CreateAccountVM.swift in Sources */ = {isa = PBXBuildFile; fileRef = 21DF05C32C3FCE01005EB117 /* CreateAccountVM.swift */; };
		21DF05C62C4146B4005EB117 /* Reactive+.swift in Sources */ = {isa = PBXBuildFile; fileRef = 21DF05C52C4146B4005EB117 /* Reactive+.swift */; };
		21DF05C82C41A57B005EB117 /* TOSCheckVM.swift in Sources */ = {isa = PBXBuildFile; fileRef = 21DF05C72C41A57B005EB117 /* TOSCheckVM.swift */; };
		21E15DFE2C3F0637003358A0 /* UIImage+.swift in Sources */ = {isa = PBXBuildFile; fileRef = 21E15DFD2C3F0637003358A0 /* UIImage+.swift */; };
		21F7B1502C345F8F00A082D8 /* Pretendard-Regular.otf in Resources */ = {isa = PBXBuildFile; fileRef = 21F7B1472C345F8E00A082D8 /* Pretendard-Regular.otf */; };
		21F7B1512C345F8F00A082D8 /* Pretendard-ExtraBold.otf in Resources */ = {isa = PBXBuildFile; fileRef = 21F7B1482C345F8E00A082D8 /* Pretendard-ExtraBold.otf */; };
		21F7B1522C345F8F00A082D8 /* Pretendard-ExtraLight.otf in Resources */ = {isa = PBXBuildFile; fileRef = 21F7B1492C345F8E00A082D8 /* Pretendard-ExtraLight.otf */; };
		21F7B1532C345F8F00A082D8 /* Pretendard-Black.otf in Resources */ = {isa = PBXBuildFile; fileRef = 21F7B14A2C345F8E00A082D8 /* Pretendard-Black.otf */; };
		21F7B1542C345F8F00A082D8 /* Pretendard-Bold.otf in Resources */ = {isa = PBXBuildFile; fileRef = 21F7B14B2C345F8E00A082D8 /* Pretendard-Bold.otf */; };
		21F7B1552C345F8F00A082D8 /* Pretendard-Thin.otf in Resources */ = {isa = PBXBuildFile; fileRef = 21F7B14C2C345F8F00A082D8 /* Pretendard-Thin.otf */; };
		21F7B1562C345F8F00A082D8 /* Pretendard-SemiBold.otf in Resources */ = {isa = PBXBuildFile; fileRef = 21F7B14D2C345F8F00A082D8 /* Pretendard-SemiBold.otf */; };
		21F7B1572C345F8F00A082D8 /* Pretendard-Medium.otf in Resources */ = {isa = PBXBuildFile; fileRef = 21F7B14E2C345F8F00A082D8 /* Pretendard-Medium.otf */; };
		21F7B1582C345F8F00A082D8 /* Pretendard-Light.otf in Resources */ = {isa = PBXBuildFile; fileRef = 21F7B14F2C345F8F00A082D8 /* Pretendard-Light.otf */; };
		21F7B15A2C34620A00A082D8 /* UIFont+.swift in Sources */ = {isa = PBXBuildFile; fileRef = 21F7B1592C34620A00A082D8 /* UIFont+.swift */; };
		21F7B15C2C3471AA00A082D8 /* NSAttributedString+.swift in Sources */ = {isa = PBXBuildFile; fileRef = 21F7B15B2C3471AA00A082D8 /* NSAttributedString+.swift */; };
		21F7B15E2C3473C500A082D8 /* UILabel+.swift in Sources */ = {isa = PBXBuildFile; fileRef = 21F7B15D2C3473C500A082D8 /* UILabel+.swift */; };
		21F7B1602C34748700A082D8 /* UIButton+.swift in Sources */ = {isa = PBXBuildFile; fileRef = 21F7B15F2C34748700A082D8 /* UIButton+.swift */; };
		880ED94F2C23F75B0045A620 /* AppDelegate.swift in Sources */ = {isa = PBXBuildFile; fileRef = 880ED94E2C23F75B0045A620 /* AppDelegate.swift */; };
		880ED9512C23F75B0045A620 /* SceneDelegate.swift in Sources */ = {isa = PBXBuildFile; fileRef = 880ED9502C23F75B0045A620 /* SceneDelegate.swift */; };
		880ED9532C23F75B0045A620 /* ViewController.swift in Sources */ = {isa = PBXBuildFile; fileRef = 880ED9522C23F75B0045A620 /* ViewController.swift */; };
		880ED9582C23F75D0045A620 /* Assets.xcassets in Resources */ = {isa = PBXBuildFile; fileRef = 880ED9572C23F75D0045A620 /* Assets.xcassets */; };
		880ED95B2C23F75D0045A620 /* Base in Resources */ = {isa = PBXBuildFile; fileRef = 880ED95A2C23F75D0045A620 /* Base */; };
		880ED9762C2402BF0045A620 /* SnapKit in Frameworks */ = {isa = PBXBuildFile; productRef = 880ED9752C2402BF0045A620 /* SnapKit */; };
		880ED9792C2402CA0045A620 /* Then in Frameworks */ = {isa = PBXBuildFile; productRef = 880ED9782C2402CA0045A620 /* Then */; };
		880ED97C2C2402D90045A620 /* Kingfisher in Frameworks */ = {isa = PBXBuildFile; productRef = 880ED97B2C2402D90045A620 /* Kingfisher */; };
		880ED97F2C2402FC0045A620 /* Moya in Frameworks */ = {isa = PBXBuildFile; productRef = 880ED97E2C2402FC0045A620 /* Moya */; };
		880ED9812C2402FC0045A620 /* ReactiveMoya in Frameworks */ = {isa = PBXBuildFile; productRef = 880ED9802C2402FC0045A620 /* ReactiveMoya */; };
		880ED9832C2402FC0045A620 /* RxMoya in Frameworks */ = {isa = PBXBuildFile; productRef = 880ED9822C2402FC0045A620 /* RxMoya */; };
		880ED9862C2403120045A620 /* RxCocoa in Frameworks */ = {isa = PBXBuildFile; productRef = 880ED9852C2403120045A620 /* RxCocoa */; };
		880ED9882C2403120045A620 /* RxRelay in Frameworks */ = {isa = PBXBuildFile; productRef = 880ED9872C2403120045A620 /* RxRelay */; };
		880ED98A2C2403120045A620 /* RxSwift in Frameworks */ = {isa = PBXBuildFile; productRef = 880ED9892C2403120045A620 /* RxSwift */; };
		880ED98D2C2403490045A620 /* Differentiator in Frameworks */ = {isa = PBXBuildFile; productRef = 880ED98C2C2403490045A620 /* Differentiator */; };
		880ED98F2C2403490045A620 /* RxDataSources in Frameworks */ = {isa = PBXBuildFile; productRef = 880ED98E2C2403490045A620 /* RxDataSources */; };
		881A3C5B2C3AE6E2003A72E6 /* QuickScanIndicatorView.swift in Sources */ = {isa = PBXBuildFile; fileRef = 881A3C5A2C3AE6E2003A72E6 /* QuickScanIndicatorView.swift */; };
		88293F7B2C42C1D10082A986 /* NoAccountViewController.swift in Sources */ = {isa = PBXBuildFile; fileRef = 88293F7A2C42C1D10082A986 /* NoAccountViewController.swift */; };
		88293F812C43BBBE0082A986 /* SavedNoticeView.swift in Sources */ = {isa = PBXBuildFile; fileRef = 88293F802C43BBBE0082A986 /* SavedNoticeView.swift */; };
		88293F832C43C1370082A986 /* SavedNoticeVC.swift in Sources */ = {isa = PBXBuildFile; fileRef = 88293F822C43C1370082A986 /* SavedNoticeVC.swift */; };
		88293F852C43F4680082A986 /* SavedNoticeVM.swift in Sources */ = {isa = PBXBuildFile; fileRef = 88293F842C43F4680082A986 /* SavedNoticeVM.swift */; };
		882DB15B2C31C45400D73FEF /* LoginView.swift in Sources */ = {isa = PBXBuildFile; fileRef = 882DB15A2C31C45400D73FEF /* LoginView.swift */; };
		882DB15D2C31C6D200D73FEF /* LoginViewController.swift in Sources */ = {isa = PBXBuildFile; fileRef = 882DB15C2C31C6D200D73FEF /* LoginViewController.swift */; };
		882DB15F2C31C94A00D73FEF /* LoginViewModel.swift in Sources */ = {isa = PBXBuildFile; fileRef = 882DB15E2C31C94A00D73FEF /* LoginViewModel.swift */; };
		882DB1612C31D38300D73FEF /* InitialView.swift in Sources */ = {isa = PBXBuildFile; fileRef = 882DB1602C31D38300D73FEF /* InitialView.swift */; };
		882DB1632C31D74100D73FEF /* InitialViewController.swift in Sources */ = {isa = PBXBuildFile; fileRef = 882DB1622C31D74100D73FEF /* InitialViewController.swift */; };
		882DB1652C31D83F00D73FEF /* WelcomeView.swift in Sources */ = {isa = PBXBuildFile; fileRef = 882DB1642C31D83F00D73FEF /* WelcomeView.swift */; };
		882DB1672C31D8F200D73FEF /* WelcomeViewController.swift in Sources */ = {isa = PBXBuildFile; fileRef = 882DB1662C31D8F200D73FEF /* WelcomeViewController.swift */; };
		88325C2D2C382DF4004A293D /* PreviewController.swift in Sources */ = {isa = PBXBuildFile; fileRef = 88325C2C2C382DF4004A293D /* PreviewController.swift */; };
		88325C302C384440004A293D /* CustomButton.swift in Sources */ = {isa = PBXBuildFile; fileRef = 88325C2F2C384440004A293D /* CustomButton.swift */; };
		88325C322C385CD1004A293D /* CustomTextfield.swift in Sources */ = {isa = PBXBuildFile; fileRef = 88325C312C385CD1004A293D /* CustomTextfield.swift */; };
		88325C342C38762D004A293D /* UITextField+.swift in Sources */ = {isa = PBXBuildFile; fileRef = 88325C332C38762D004A293D /* UITextField+.swift */; };
		88325C362C38B5C5004A293D /* UINavigationBar+.swift in Sources */ = {isa = PBXBuildFile; fileRef = 88325C352C38B5C5004A293D /* UINavigationBar+.swift */; };
		883B2CFD2C42B6E400D19A78 /* NoAccountView.swift in Sources */ = {isa = PBXBuildFile; fileRef = 883B2CFC2C42B6E400D19A78 /* NoAccountView.swift */; };
		8851A2722C2404CA006912D4 /* .swiftlint.yml in Resources */ = {isa = PBXBuildFile; fileRef = 8851A2712C2404CA006912D4 /* .swiftlint.yml */; };
		88AB98062C3EC95B00AC5043 /* QuickScan.swift in Sources */ = {isa = PBXBuildFile; fileRef = 88AB98052C3EC95B00AC5043 /* QuickScan.swift */; };
		88AB98082C3ECAB900AC5043 /* QuickScanView.swift in Sources */ = {isa = PBXBuildFile; fileRef = 88AB98072C3ECAB900AC5043 /* QuickScanView.swift */; };
		88AB980A2C3EF48F00AC5043 /* CapsuleLabelView.swift in Sources */ = {isa = PBXBuildFile; fileRef = 88AB98092C3EF48F00AC5043 /* CapsuleLabelView.swift */; };
		88AB980C2C3F04B300AC5043 /* ChipContentView.swift in Sources */ = {isa = PBXBuildFile; fileRef = 88AB980B2C3F04B300AC5043 /* ChipContentView.swift */; };
		88AB980E2C3F27A300AC5043 /* QuickScanViewController.swift in Sources */ = {isa = PBXBuildFile; fileRef = 88AB980D2C3F27A300AC5043 /* QuickScanViewController.swift */; };
		88AB98102C3FD35300AC5043 /* QuickScanViewModel.swift in Sources */ = {isa = PBXBuildFile; fileRef = 88AB980F2C3FD35300AC5043 /* QuickScanViewModel.swift */; };
		88AB98132C3FD5E700AC5043 /* QuickScanContentCollectionViewCell.swift in Sources */ = {isa = PBXBuildFile; fileRef = 88AB98122C3FD5E700AC5043 /* QuickScanContentCollectionViewCell.swift */; };
		88AB98152C3FDB2F00AC5043 /* Date+.swift in Sources */ = {isa = PBXBuildFile; fileRef = 88AB98142C3FDB2F00AC5043 /* Date+.swift */; };
		88AB98172C41749D00AC5043 /* QuickScanCompletionView.swift in Sources */ = {isa = PBXBuildFile; fileRef = 88AB98162C41749D00AC5043 /* QuickScanCompletionView.swift */; };
		88AB98192C418A2000AC5043 /* QuickScanCompletionViewController.swift in Sources */ = {isa = PBXBuildFile; fileRef = 88AB98182C418A2000AC5043 /* QuickScanCompletionViewController.swift */; };
		DC33DAF92C39CD1F008B321E /* MainHomeView.swift in Sources */ = {isa = PBXBuildFile; fileRef = DC33DAF82C39CD1F008B321E /* MainHomeView.swift */; };
		DC33DB102C3B1691008B321E /* MainHomeViewController.swift in Sources */ = {isa = PBXBuildFile; fileRef = DC33DB0F2C3B1691008B321E /* MainHomeViewController.swift */; };
		DC33DB172C3B2A64008B321E /* QuickScanCollectionViewCell.swift in Sources */ = {isa = PBXBuildFile; fileRef = DC33DB162C3B2A64008B321E /* QuickScanCollectionViewCell.swift */; };
		DC3B1A162C3182A7003FA5C9 /* UIColor+.swift in Sources */ = {isa = PBXBuildFile; fileRef = DC3B1A152C3182A7003FA5C9 /* UIColor+.swift */; };
		DC91FACC2C42B9A70095DD5E /* HeaderView.swift in Sources */ = {isa = PBXBuildFile; fileRef = DC91FACB2C42B9A70095DD5E /* HeaderView.swift */; };
		DC91FACF2C42E4710095DD5E /* TabBarVC.swift in Sources */ = {isa = PBXBuildFile; fileRef = DC91FACE2C42E4710095DD5E /* TabBarVC.swift */; };
		DC91FAD22C42E75D0095DD5E /* AppTab.swift in Sources */ = {isa = PBXBuildFile; fileRef = DC91FAD12C42E75D0095DD5E /* AppTab.swift */; };
		DC9EBCB02C3EB2CC007337A0 /* mainHomeModel.swift in Sources */ = {isa = PBXBuildFile; fileRef = DC9EBCAF2C3EB2CC007337A0 /* mainHomeModel.swift */; };
		DC9EBCB22C3EC37C007337A0 /* CouncilCVC.swift in Sources */ = {isa = PBXBuildFile; fileRef = DC9EBCB12C3EC37C007337A0 /* CouncilCVC.swift */; };
		DC9EBCB42C3EC386007337A0 /* ArticleCVC.swift in Sources */ = {isa = PBXBuildFile; fileRef = DC9EBCB32C3EC386007337A0 /* ArticleCVC.swift */; };
		DC9EBCB82C3F44FC007337A0 /* MainHomeViewModel.swift in Sources */ = {isa = PBXBuildFile; fileRef = DC9EBCB72C3F44FC007337A0 /* MainHomeViewModel.swift */; };
		EDE8CA1C2C37C42D00E828F1 /* SignUpIntroView.swift in Sources */ = {isa = PBXBuildFile; fileRef = EDE8CA1B2C37C42D00E828F1 /* SignUpIntroView.swift */; };
		EDE8CA1E2C37C4AD00E828F1 /* SignUpIntroVC.swift in Sources */ = {isa = PBXBuildFile; fileRef = EDE8CA1D2C37C4AD00E828F1 /* SignUpIntroVC.swift */; };
		EDE8CA202C37C4FF00E828F1 /* UniversityInputView.swift in Sources */ = {isa = PBXBuildFile; fileRef = EDE8CA1F2C37C4FF00E828F1 /* UniversityInputView.swift */; };
		EDE8CA222C37C51300E828F1 /* DepartmentInputView.swift in Sources */ = {isa = PBXBuildFile; fileRef = EDE8CA212C37C51300E828F1 /* DepartmentInputView.swift */; };
		EDE8CA242C37C52B00E828F1 /* AdmissionYearSelectionView.swift in Sources */ = {isa = PBXBuildFile; fileRef = EDE8CA232C37C52B00E828F1 /* AdmissionYearSelectionView.swift */; };
		EDE8CA262C37C53F00E828F1 /* UnivInfoConfirmView.swift in Sources */ = {isa = PBXBuildFile; fileRef = EDE8CA252C37C53F00E828F1 /* UnivInfoConfirmView.swift */; };
		EDE8CA282C37C59800E828F1 /* UniversityInputVC.swift in Sources */ = {isa = PBXBuildFile; fileRef = EDE8CA272C37C59800E828F1 /* UniversityInputVC.swift */; };
		EDE8CA2A2C37C5B800E828F1 /* DepartmentInputVC.swift in Sources */ = {isa = PBXBuildFile; fileRef = EDE8CA292C37C5B800E828F1 /* DepartmentInputVC.swift */; };
		EDE8CA2C2C37C5E500E828F1 /* AdmissionYearSelectionVC.swift in Sources */ = {isa = PBXBuildFile; fileRef = EDE8CA2B2C37C5E500E828F1 /* AdmissionYearSelectionVC.swift */; };
		EDE8CA2E2C37C5FA00E828F1 /* UnivInfoConfirmVC.swift in Sources */ = {isa = PBXBuildFile; fileRef = EDE8CA2D2C37C5FA00E828F1 /* UnivInfoConfirmVC.swift */; };
		EDF4C8792C3B12F700DE7643 /* UniversityInputVM.swift in Sources */ = {isa = PBXBuildFile; fileRef = EDF4C8782C3B12F700DE7643 /* UniversityInputVM.swift */; };
		EDF4C87D2C3B17C000DE7643 /* UniversityTableViewCell.swift in Sources */ = {isa = PBXBuildFile; fileRef = EDF4C87C2C3B17C000DE7643 /* UniversityTableViewCell.swift */; };
		EDF4C8812C3F13D900DE7643 /* CustomMenuTableViewCell.swift in Sources */ = {isa = PBXBuildFile; fileRef = EDF4C8802C3F13D900DE7643 /* CustomMenuTableViewCell.swift */; };
		EDF4C8852C412E9900DE7643 /* DepartmentInputVM.swift in Sources */ = {isa = PBXBuildFile; fileRef = EDF4C8842C412E9900DE7643 /* DepartmentInputVM.swift */; };
		EDF4C8872C41307400DE7643 /* DepartmentTableViewCell.swift in Sources */ = {isa = PBXBuildFile; fileRef = EDF4C8862C41307400DE7643 /* DepartmentTableViewCell.swift */; };
		EDF4C8892C41965900DE7643 /* CreateNoticeView.swift in Sources */ = {isa = PBXBuildFile; fileRef = EDF4C8882C41965900DE7643 /* CreateNoticeView.swift */; };
		EDF4C88B2C41966300DE7643 /* CreateNoticeVC.swift in Sources */ = {isa = PBXBuildFile; fileRef = EDF4C88A2C41966300DE7643 /* CreateNoticeVC.swift */; };
		EDF4C8922C41DA6E00DE7643 /* TargetView.swift in Sources */ = {isa = PBXBuildFile; fileRef = EDF4C8912C41DA6E00DE7643 /* TargetView.swift */; };
		EDF4C8942C41DB0200DE7643 /* DateView.swift in Sources */ = {isa = PBXBuildFile; fileRef = EDF4C8932C41DB0200DE7643 /* DateView.swift */; };
		EDF4C8962C42680200DE7643 /* ImageCVC.swift in Sources */ = {isa = PBXBuildFile; fileRef = EDF4C8952C42680200DE7643 /* ImageCVC.swift */; };
		EDF4C8982C42AF7900DE7643 /* CreateNoticeVM.swift in Sources */ = {isa = PBXBuildFile; fileRef = EDF4C8972C42AF7900DE7643 /* CreateNoticeVM.swift */; };
		EDF4C89A2C42BCD100DE7643 /* UIView+.swift in Sources */ = {isa = PBXBuildFile; fileRef = EDF4C8992C42BCD100DE7643 /* UIView+.swift */; };
/* End PBXBuildFile section */

/* Begin PBXFileReference section */
		211B40892C3E8424008CFAAD /* StudentInfoInputVM.swift */ = {isa = PBXFileReference; lastKnownFileType = sourcecode.swift; path = StudentInfoInputVM.swift; sourceTree = "<group>"; };
		211B408B2C3ED58A008CFAAD /* StudentInfoConfirmVM.swift */ = {isa = PBXFileReference; lastKnownFileType = sourcecode.swift; path = StudentInfoConfirmVM.swift; sourceTree = "<group>"; };
		2132A8372C3A6BA800795667 /* StudentIDPhotoInputVC.swift */ = {isa = PBXFileReference; lastKnownFileType = sourcecode.swift; path = StudentIDPhotoInputVC.swift; sourceTree = "<group>"; };
		2132A8392C3A6E2B00795667 /* StudentIDPhotoInputView.swift */ = {isa = PBXFileReference; lastKnownFileType = sourcecode.swift; path = StudentIDPhotoInputView.swift; sourceTree = "<group>"; };
		2132A83B2C3A6FAD00795667 /* StudentInfoInputView.swift */ = {isa = PBXFileReference; lastKnownFileType = sourcecode.swift; name = StudentInfoInputView.swift; path = UniVoice/Presentation/SignUpPage/View/StudentInfoInputView.swift; sourceTree = SOURCE_ROOT; };
		2132A83D2C3A6FC000795667 /* StudentInfoConfirmView.swift */ = {isa = PBXFileReference; lastKnownFileType = sourcecode.swift; path = StudentInfoConfirmView.swift; sourceTree = "<group>"; };
		2132A83F2C3A6FC800795667 /* TOSCheckView.swift */ = {isa = PBXFileReference; lastKnownFileType = sourcecode.swift; path = TOSCheckView.swift; sourceTree = "<group>"; };
		2132A8412C3A6FD400795667 /* CreateAccountView.swift */ = {isa = PBXFileReference; lastKnownFileType = sourcecode.swift; path = CreateAccountView.swift; sourceTree = "<group>"; };
		2132A8432C3A6FE900795667 /* SignUpInfoCheckingView.swift */ = {isa = PBXFileReference; lastKnownFileType = sourcecode.swift; path = SignUpInfoCheckingView.swift; sourceTree = "<group>"; };
		2132A8452C3A6FFB00795667 /* StudentInfoInputVC.swift */ = {isa = PBXFileReference; lastKnownFileType = sourcecode.swift; path = StudentInfoInputVC.swift; sourceTree = "<group>"; };
		2132A8472C3A700F00795667 /* StudentInfoConfirmVC.swift */ = {isa = PBXFileReference; lastKnownFileType = sourcecode.swift; path = StudentInfoConfirmVC.swift; sourceTree = "<group>"; };
		2132A8492C3A701600795667 /* TOSCheckVC.swift */ = {isa = PBXFileReference; lastKnownFileType = sourcecode.swift; path = TOSCheckVC.swift; sourceTree = "<group>"; };
		2132A84B2C3A701D00795667 /* CreateAccountVC.swift */ = {isa = PBXFileReference; lastKnownFileType = sourcecode.swift; path = CreateAccountVC.swift; sourceTree = "<group>"; };
		2132A84D2C3A702400795667 /* SignUpInfoCheckingVC.swift */ = {isa = PBXFileReference; lastKnownFileType = sourcecode.swift; path = SignUpInfoCheckingVC.swift; sourceTree = "<group>"; };
		2195F6D92C397531008D2485 /* StudentIDPhotoInputVM.swift */ = {isa = PBXFileReference; lastKnownFileType = sourcecode.swift; path = StudentIDPhotoInputVM.swift; sourceTree = "<group>"; };
		21DF05C32C3FCE01005EB117 /* CreateAccountVM.swift */ = {isa = PBXFileReference; fileEncoding = 4; lastKnownFileType = sourcecode.swift; path = CreateAccountVM.swift; sourceTree = "<group>"; };
		21DF05C52C4146B4005EB117 /* Reactive+.swift */ = {isa = PBXFileReference; lastKnownFileType = sourcecode.swift; path = "Reactive+.swift"; sourceTree = "<group>"; };
		21DF05C72C41A57B005EB117 /* TOSCheckVM.swift */ = {isa = PBXFileReference; lastKnownFileType = sourcecode.swift; path = TOSCheckVM.swift; sourceTree = "<group>"; };
		21E15DFD2C3F0637003358A0 /* UIImage+.swift */ = {isa = PBXFileReference; lastKnownFileType = sourcecode.swift; path = "UIImage+.swift"; sourceTree = "<group>"; };
		21F7B1472C345F8E00A082D8 /* Pretendard-Regular.otf */ = {isa = PBXFileReference; lastKnownFileType = file; path = "Pretendard-Regular.otf"; sourceTree = "<group>"; };
		21F7B1482C345F8E00A082D8 /* Pretendard-ExtraBold.otf */ = {isa = PBXFileReference; lastKnownFileType = file; path = "Pretendard-ExtraBold.otf"; sourceTree = "<group>"; };
		21F7B1492C345F8E00A082D8 /* Pretendard-ExtraLight.otf */ = {isa = PBXFileReference; lastKnownFileType = file; path = "Pretendard-ExtraLight.otf"; sourceTree = "<group>"; };
		21F7B14A2C345F8E00A082D8 /* Pretendard-Black.otf */ = {isa = PBXFileReference; lastKnownFileType = file; path = "Pretendard-Black.otf"; sourceTree = "<group>"; };
		21F7B14B2C345F8E00A082D8 /* Pretendard-Bold.otf */ = {isa = PBXFileReference; lastKnownFileType = file; path = "Pretendard-Bold.otf"; sourceTree = "<group>"; };
		21F7B14C2C345F8F00A082D8 /* Pretendard-Thin.otf */ = {isa = PBXFileReference; lastKnownFileType = file; path = "Pretendard-Thin.otf"; sourceTree = "<group>"; };
		21F7B14D2C345F8F00A082D8 /* Pretendard-SemiBold.otf */ = {isa = PBXFileReference; lastKnownFileType = file; path = "Pretendard-SemiBold.otf"; sourceTree = "<group>"; };
		21F7B14E2C345F8F00A082D8 /* Pretendard-Medium.otf */ = {isa = PBXFileReference; lastKnownFileType = file; path = "Pretendard-Medium.otf"; sourceTree = "<group>"; };
		21F7B14F2C345F8F00A082D8 /* Pretendard-Light.otf */ = {isa = PBXFileReference; lastKnownFileType = file; path = "Pretendard-Light.otf"; sourceTree = "<group>"; };
		21F7B1592C34620A00A082D8 /* UIFont+.swift */ = {isa = PBXFileReference; lastKnownFileType = sourcecode.swift; path = "UIFont+.swift"; sourceTree = "<group>"; };
		21F7B15B2C3471AA00A082D8 /* NSAttributedString+.swift */ = {isa = PBXFileReference; lastKnownFileType = sourcecode.swift; path = "NSAttributedString+.swift"; sourceTree = "<group>"; };
		21F7B15D2C3473C500A082D8 /* UILabel+.swift */ = {isa = PBXFileReference; lastKnownFileType = sourcecode.swift; path = "UILabel+.swift"; sourceTree = "<group>"; };
		21F7B15F2C34748700A082D8 /* UIButton+.swift */ = {isa = PBXFileReference; lastKnownFileType = sourcecode.swift; path = "UIButton+.swift"; sourceTree = "<group>"; };
		880ED94B2C23F75B0045A620 /* UniVoice.app */ = {isa = PBXFileReference; explicitFileType = wrapper.application; includeInIndex = 0; path = UniVoice.app; sourceTree = BUILT_PRODUCTS_DIR; };
		880ED94E2C23F75B0045A620 /* AppDelegate.swift */ = {isa = PBXFileReference; lastKnownFileType = sourcecode.swift; path = AppDelegate.swift; sourceTree = "<group>"; };
		880ED9502C23F75B0045A620 /* SceneDelegate.swift */ = {isa = PBXFileReference; lastKnownFileType = sourcecode.swift; path = SceneDelegate.swift; sourceTree = "<group>"; };
		880ED9522C23F75B0045A620 /* ViewController.swift */ = {isa = PBXFileReference; lastKnownFileType = sourcecode.swift; path = ViewController.swift; sourceTree = "<group>"; };
		880ED9572C23F75D0045A620 /* Assets.xcassets */ = {isa = PBXFileReference; lastKnownFileType = folder.assetcatalog; path = Assets.xcassets; sourceTree = "<group>"; };
		880ED95A2C23F75D0045A620 /* Base */ = {isa = PBXFileReference; lastKnownFileType = file.storyboard; name = Base; path = Base.lproj/LaunchScreen.storyboard; sourceTree = "<group>"; };
		880ED95C2C23F75D0045A620 /* Info.plist */ = {isa = PBXFileReference; lastKnownFileType = text.plist.xml; path = Info.plist; sourceTree = "<group>"; };
		881A3C5A2C3AE6E2003A72E6 /* QuickScanIndicatorView.swift */ = {isa = PBXFileReference; lastKnownFileType = sourcecode.swift; path = QuickScanIndicatorView.swift; sourceTree = "<group>"; };
		88293F7A2C42C1D10082A986 /* NoAccountViewController.swift */ = {isa = PBXFileReference; lastKnownFileType = sourcecode.swift; path = NoAccountViewController.swift; sourceTree = "<group>"; };
		88293F802C43BBBE0082A986 /* SavedNoticeView.swift */ = {isa = PBXFileReference; lastKnownFileType = sourcecode.swift; path = SavedNoticeView.swift; sourceTree = "<group>"; };
		88293F822C43C1370082A986 /* SavedNoticeVC.swift */ = {isa = PBXFileReference; lastKnownFileType = sourcecode.swift; path = SavedNoticeVC.swift; sourceTree = "<group>"; };
		88293F842C43F4680082A986 /* SavedNoticeVM.swift */ = {isa = PBXFileReference; lastKnownFileType = sourcecode.swift; path = SavedNoticeVM.swift; sourceTree = "<group>"; };
		882DB15A2C31C45400D73FEF /* LoginView.swift */ = {isa = PBXFileReference; lastKnownFileType = sourcecode.swift; path = LoginView.swift; sourceTree = "<group>"; };
		882DB15C2C31C6D200D73FEF /* LoginViewController.swift */ = {isa = PBXFileReference; lastKnownFileType = sourcecode.swift; path = LoginViewController.swift; sourceTree = "<group>"; };
		882DB15E2C31C94A00D73FEF /* LoginViewModel.swift */ = {isa = PBXFileReference; lastKnownFileType = sourcecode.swift; path = LoginViewModel.swift; sourceTree = "<group>"; };
		882DB1602C31D38300D73FEF /* InitialView.swift */ = {isa = PBXFileReference; lastKnownFileType = sourcecode.swift; path = InitialView.swift; sourceTree = "<group>"; };
		882DB1622C31D74100D73FEF /* InitialViewController.swift */ = {isa = PBXFileReference; lastKnownFileType = sourcecode.swift; path = InitialViewController.swift; sourceTree = "<group>"; };
		882DB1642C31D83F00D73FEF /* WelcomeView.swift */ = {isa = PBXFileReference; lastKnownFileType = sourcecode.swift; path = WelcomeView.swift; sourceTree = "<group>"; };
		882DB1662C31D8F200D73FEF /* WelcomeViewController.swift */ = {isa = PBXFileReference; lastKnownFileType = sourcecode.swift; path = WelcomeViewController.swift; sourceTree = "<group>"; };
		88325C2C2C382DF4004A293D /* PreviewController.swift */ = {isa = PBXFileReference; lastKnownFileType = sourcecode.swift; path = PreviewController.swift; sourceTree = "<group>"; };
		88325C2F2C384440004A293D /* CustomButton.swift */ = {isa = PBXFileReference; lastKnownFileType = sourcecode.swift; path = CustomButton.swift; sourceTree = "<group>"; };
		88325C312C385CD1004A293D /* CustomTextfield.swift */ = {isa = PBXFileReference; lastKnownFileType = sourcecode.swift; path = CustomTextfield.swift; sourceTree = "<group>"; };
		88325C332C38762D004A293D /* UITextField+.swift */ = {isa = PBXFileReference; lastKnownFileType = sourcecode.swift; path = "UITextField+.swift"; sourceTree = "<group>"; };
		88325C352C38B5C5004A293D /* UINavigationBar+.swift */ = {isa = PBXFileReference; lastKnownFileType = sourcecode.swift; path = "UINavigationBar+.swift"; sourceTree = "<group>"; };
		883B2CFC2C42B6E400D19A78 /* NoAccountView.swift */ = {isa = PBXFileReference; lastKnownFileType = sourcecode.swift; path = NoAccountView.swift; sourceTree = "<group>"; };
		8851A2712C2404CA006912D4 /* .swiftlint.yml */ = {isa = PBXFileReference; fileEncoding = 4; lastKnownFileType = text.yaml; path = .swiftlint.yml; sourceTree = "<group>"; };
		88AB98052C3EC95B00AC5043 /* QuickScan.swift */ = {isa = PBXFileReference; lastKnownFileType = sourcecode.swift; path = QuickScan.swift; sourceTree = "<group>"; };
		88AB98072C3ECAB900AC5043 /* QuickScanView.swift */ = {isa = PBXFileReference; lastKnownFileType = sourcecode.swift; path = QuickScanView.swift; sourceTree = "<group>"; };
		88AB98092C3EF48F00AC5043 /* CapsuleLabelView.swift */ = {isa = PBXFileReference; lastKnownFileType = sourcecode.swift; path = CapsuleLabelView.swift; sourceTree = "<group>"; };
		88AB980B2C3F04B300AC5043 /* ChipContentView.swift */ = {isa = PBXFileReference; lastKnownFileType = sourcecode.swift; path = ChipContentView.swift; sourceTree = "<group>"; };
		88AB980D2C3F27A300AC5043 /* QuickScanViewController.swift */ = {isa = PBXFileReference; lastKnownFileType = sourcecode.swift; path = QuickScanViewController.swift; sourceTree = "<group>"; };
		88AB980F2C3FD35300AC5043 /* QuickScanViewModel.swift */ = {isa = PBXFileReference; lastKnownFileType = sourcecode.swift; path = QuickScanViewModel.swift; sourceTree = "<group>"; };
		88AB98122C3FD5E700AC5043 /* QuickScanContentCollectionViewCell.swift */ = {isa = PBXFileReference; lastKnownFileType = sourcecode.swift; path = QuickScanContentCollectionViewCell.swift; sourceTree = "<group>"; };
		88AB98142C3FDB2F00AC5043 /* Date+.swift */ = {isa = PBXFileReference; lastKnownFileType = sourcecode.swift; path = "Date+.swift"; sourceTree = "<group>"; };
		88AB98162C41749D00AC5043 /* QuickScanCompletionView.swift */ = {isa = PBXFileReference; lastKnownFileType = sourcecode.swift; path = QuickScanCompletionView.swift; sourceTree = "<group>"; };
		88AB98182C418A2000AC5043 /* QuickScanCompletionViewController.swift */ = {isa = PBXFileReference; lastKnownFileType = sourcecode.swift; path = QuickScanCompletionViewController.swift; sourceTree = "<group>"; };
		DC33DAF82C39CD1F008B321E /* MainHomeView.swift */ = {isa = PBXFileReference; lastKnownFileType = sourcecode.swift; path = MainHomeView.swift; sourceTree = "<group>"; };
		DC33DB0F2C3B1691008B321E /* MainHomeViewController.swift */ = {isa = PBXFileReference; lastKnownFileType = sourcecode.swift; name = MainHomeViewController.swift; path = UniVoice/Presentation/MainHome/ViewController/MainHomeViewController.swift; sourceTree = SOURCE_ROOT; };
		DC33DB162C3B2A64008B321E /* QuickScanCollectionViewCell.swift */ = {isa = PBXFileReference; fileEncoding = 4; lastKnownFileType = sourcecode.swift; path = QuickScanCollectionViewCell.swift; sourceTree = "<group>"; };
		DC3B1A152C3182A7003FA5C9 /* UIColor+.swift */ = {isa = PBXFileReference; lastKnownFileType = sourcecode.swift; path = "UIColor+.swift"; sourceTree = "<group>"; };
		DC91FACB2C42B9A70095DD5E /* HeaderView.swift */ = {isa = PBXFileReference; lastKnownFileType = sourcecode.swift; path = HeaderView.swift; sourceTree = "<group>"; };
		DC91FACE2C42E4710095DD5E /* TabBarVC.swift */ = {isa = PBXFileReference; lastKnownFileType = sourcecode.swift; path = TabBarVC.swift; sourceTree = "<group>"; };
		DC91FAD12C42E75D0095DD5E /* AppTab.swift */ = {isa = PBXFileReference; lastKnownFileType = sourcecode.swift; path = AppTab.swift; sourceTree = "<group>"; };
		DC9EBCAF2C3EB2CC007337A0 /* mainHomeModel.swift */ = {isa = PBXFileReference; lastKnownFileType = sourcecode.swift; path = mainHomeModel.swift; sourceTree = "<group>"; };
		DC9EBCB12C3EC37C007337A0 /* CouncilCVC.swift */ = {isa = PBXFileReference; lastKnownFileType = sourcecode.swift; path = CouncilCVC.swift; sourceTree = "<group>"; };
		DC9EBCB32C3EC386007337A0 /* ArticleCVC.swift */ = {isa = PBXFileReference; lastKnownFileType = sourcecode.swift; path = ArticleCVC.swift; sourceTree = "<group>"; };
		DC9EBCB72C3F44FC007337A0 /* MainHomeViewModel.swift */ = {isa = PBXFileReference; lastKnownFileType = sourcecode.swift; path = MainHomeViewModel.swift; sourceTree = "<group>"; };
		EDE8CA1B2C37C42D00E828F1 /* SignUpIntroView.swift */ = {isa = PBXFileReference; lastKnownFileType = sourcecode.swift; path = SignUpIntroView.swift; sourceTree = "<group>"; };
		EDE8CA1D2C37C4AD00E828F1 /* SignUpIntroVC.swift */ = {isa = PBXFileReference; lastKnownFileType = sourcecode.swift; path = SignUpIntroVC.swift; sourceTree = "<group>"; };
		EDE8CA1F2C37C4FF00E828F1 /* UniversityInputView.swift */ = {isa = PBXFileReference; lastKnownFileType = sourcecode.swift; path = UniversityInputView.swift; sourceTree = "<group>"; };
		EDE8CA212C37C51300E828F1 /* DepartmentInputView.swift */ = {isa = PBXFileReference; lastKnownFileType = sourcecode.swift; path = DepartmentInputView.swift; sourceTree = "<group>"; };
		EDE8CA232C37C52B00E828F1 /* AdmissionYearSelectionView.swift */ = {isa = PBXFileReference; lastKnownFileType = sourcecode.swift; path = AdmissionYearSelectionView.swift; sourceTree = "<group>"; };
		EDE8CA252C37C53F00E828F1 /* UnivInfoConfirmView.swift */ = {isa = PBXFileReference; lastKnownFileType = sourcecode.swift; path = UnivInfoConfirmView.swift; sourceTree = "<group>"; };
		EDE8CA272C37C59800E828F1 /* UniversityInputVC.swift */ = {isa = PBXFileReference; lastKnownFileType = sourcecode.swift; path = UniversityInputVC.swift; sourceTree = "<group>"; };
		EDE8CA292C37C5B800E828F1 /* DepartmentInputVC.swift */ = {isa = PBXFileReference; lastKnownFileType = sourcecode.swift; path = DepartmentInputVC.swift; sourceTree = "<group>"; };
		EDE8CA2B2C37C5E500E828F1 /* AdmissionYearSelectionVC.swift */ = {isa = PBXFileReference; lastKnownFileType = sourcecode.swift; path = AdmissionYearSelectionVC.swift; sourceTree = "<group>"; };
		EDE8CA2D2C37C5FA00E828F1 /* UnivInfoConfirmVC.swift */ = {isa = PBXFileReference; lastKnownFileType = sourcecode.swift; path = UnivInfoConfirmVC.swift; sourceTree = "<group>"; };
		EDF4C8782C3B12F700DE7643 /* UniversityInputVM.swift */ = {isa = PBXFileReference; lastKnownFileType = sourcecode.swift; path = UniversityInputVM.swift; sourceTree = "<group>"; };
		EDF4C87C2C3B17C000DE7643 /* UniversityTableViewCell.swift */ = {isa = PBXFileReference; lastKnownFileType = sourcecode.swift; path = UniversityTableViewCell.swift; sourceTree = "<group>"; };
		EDF4C8802C3F13D900DE7643 /* CustomMenuTableViewCell.swift */ = {isa = PBXFileReference; lastKnownFileType = sourcecode.swift; path = CustomMenuTableViewCell.swift; sourceTree = "<group>"; };
		EDF4C8842C412E9900DE7643 /* DepartmentInputVM.swift */ = {isa = PBXFileReference; lastKnownFileType = sourcecode.swift; path = DepartmentInputVM.swift; sourceTree = "<group>"; };
		EDF4C8862C41307400DE7643 /* DepartmentTableViewCell.swift */ = {isa = PBXFileReference; lastKnownFileType = sourcecode.swift; path = DepartmentTableViewCell.swift; sourceTree = "<group>"; };
		EDF4C8882C41965900DE7643 /* CreateNoticeView.swift */ = {isa = PBXFileReference; lastKnownFileType = sourcecode.swift; path = CreateNoticeView.swift; sourceTree = "<group>"; };
		EDF4C88A2C41966300DE7643 /* CreateNoticeVC.swift */ = {isa = PBXFileReference; lastKnownFileType = sourcecode.swift; path = CreateNoticeVC.swift; sourceTree = "<group>"; };
		EDF4C8912C41DA6E00DE7643 /* TargetView.swift */ = {isa = PBXFileReference; lastKnownFileType = sourcecode.swift; path = TargetView.swift; sourceTree = "<group>"; };
		EDF4C8932C41DB0200DE7643 /* DateView.swift */ = {isa = PBXFileReference; lastKnownFileType = sourcecode.swift; path = DateView.swift; sourceTree = "<group>"; };
		EDF4C8952C42680200DE7643 /* ImageCVC.swift */ = {isa = PBXFileReference; lastKnownFileType = sourcecode.swift; path = ImageCVC.swift; sourceTree = "<group>"; };
		EDF4C8972C42AF7900DE7643 /* CreateNoticeVM.swift */ = {isa = PBXFileReference; lastKnownFileType = sourcecode.swift; path = CreateNoticeVM.swift; sourceTree = "<group>"; };
		EDF4C8992C42BCD100DE7643 /* UIView+.swift */ = {isa = PBXFileReference; lastKnownFileType = sourcecode.swift; path = "UIView+.swift"; sourceTree = "<group>"; };
/* End PBXFileReference section */

/* Begin PBXFrameworksBuildPhase section */
		880ED9482C23F75B0045A620 /* Frameworks */ = {
			isa = PBXFrameworksBuildPhase;
			buildActionMask = 2147483647;
			files = (
				880ED98A2C2403120045A620 /* RxSwift in Frameworks */,
				880ED9832C2402FC0045A620 /* RxMoya in Frameworks */,
				880ED97C2C2402D90045A620 /* Kingfisher in Frameworks */,
				880ED9762C2402BF0045A620 /* SnapKit in Frameworks */,
				880ED9862C2403120045A620 /* RxCocoa in Frameworks */,
				880ED98F2C2403490045A620 /* RxDataSources in Frameworks */,
				880ED97F2C2402FC0045A620 /* Moya in Frameworks */,
				880ED98D2C2403490045A620 /* Differentiator in Frameworks */,
				880ED9812C2402FC0045A620 /* ReactiveMoya in Frameworks */,
				880ED9882C2403120045A620 /* RxRelay in Frameworks */,
				880ED9792C2402CA0045A620 /* Then in Frameworks */,
			);
			runOnlyForDeploymentPostprocessing = 0;
		};
/* End PBXFrameworksBuildPhase section */

/* Begin PBXGroup section */
		2195F6DB2C397539008D2485 /* ViewModel */ = {
			isa = PBXGroup;
			children = (
				2195F6D92C397531008D2485 /* StudentIDPhotoInputVM.swift */,
				211B40892C3E8424008CFAAD /* StudentInfoInputVM.swift */,
				211B408B2C3ED58A008CFAAD /* StudentInfoConfirmVM.swift */,
				21DF05C32C3FCE01005EB117 /* CreateAccountVM.swift */,
				21DF05C72C41A57B005EB117 /* TOSCheckVM.swift */,
				EDF4C8782C3B12F700DE7643 /* UniversityInputVM.swift */,
				EDF4C8842C412E9900DE7643 /* DepartmentInputVM.swift */,
			);
			path = ViewModel;
			sourceTree = "<group>";
		};
		21F7B1462C345EDA00A082D8 /* Font */ = {
			isa = PBXGroup;
			children = (
				21F7B14A2C345F8E00A082D8 /* Pretendard-Black.otf */,
				21F7B14B2C345F8E00A082D8 /* Pretendard-Bold.otf */,
				21F7B1482C345F8E00A082D8 /* Pretendard-ExtraBold.otf */,
				21F7B1492C345F8E00A082D8 /* Pretendard-ExtraLight.otf */,
				21F7B14F2C345F8F00A082D8 /* Pretendard-Light.otf */,
				21F7B14E2C345F8F00A082D8 /* Pretendard-Medium.otf */,
				21F7B1472C345F8E00A082D8 /* Pretendard-Regular.otf */,
				21F7B14D2C345F8F00A082D8 /* Pretendard-SemiBold.otf */,
				21F7B14C2C345F8F00A082D8 /* Pretendard-Thin.otf */,
			);
			path = Font;
			sourceTree = "<group>";
		};
		880ED9422C23F75B0045A620 = {
			isa = PBXGroup;
			children = (
				8851A2712C2404CA006912D4 /* .swiftlint.yml */,
				880ED94D2C23F75B0045A620 /* UniVoice */,
				880ED94C2C23F75B0045A620 /* Products */,
			);
			sourceTree = "<group>";
		};
		880ED94C2C23F75B0045A620 /* Products */ = {
			isa = PBXGroup;
			children = (
				880ED94B2C23F75B0045A620 /* UniVoice.app */,
			);
			name = Products;
			sourceTree = "<group>";
		};
		880ED94D2C23F75B0045A620 /* UniVoice */ = {
			isa = PBXGroup;
			children = (
				880ED9622C23FD980045A620 /* Application */,
				880ED9632C23FDA00045A620 /* Global */,
				880ED9652C23FDB30045A620 /* Data */,
				880ED9642C23FDAF0045A620 /* Domain */,
				880ED9662C23FDB60045A620 /* Presentation */,
			);
			path = UniVoice;
			sourceTree = "<group>";
		};
		880ED9622C23FD980045A620 /* Application */ = {
			isa = PBXGroup;
			children = (
				880ED94E2C23F75B0045A620 /* AppDelegate.swift */,
				880ED9502C23F75B0045A620 /* SceneDelegate.swift */,
				880ED9522C23F75B0045A620 /* ViewController.swift */,
				880ED9592C23F75D0045A620 /* LaunchScreen.storyboard */,
			);
			path = Application;
			sourceTree = "<group>";
		};
		880ED9632C23FDA00045A620 /* Global */ = {
			isa = PBXGroup;
			children = (
				880ED96A2C23FE3A0045A620 /* Resource */,
				880ED96B2C23FE400045A620 /* Literal */,
				880ED96C2C23FE460045A620 /* Extension */,
				880ED96D2C23FE550045A620 /* Utility */,
			);
			path = Global;
			sourceTree = "<group>";
		};
		880ED9642C23FDAF0045A620 /* Domain */ = {
			isa = PBXGroup;
			children = (
				88AB98042C3EC8C800AC5043 /* QuickScan */,
				DC9EBCAE2C3EB2B3007337A0 /* MainHomeModel */,
			);
			path = Domain;
			sourceTree = "<group>";
		};
		880ED9652C23FDB30045A620 /* Data */ = {
			isa = PBXGroup;
			children = (
				880ED9692C23FE1E0045A620 /* DTO */,
				880ED9682C23FE160045A620 /* Router */,
				880ED9672C23FE0F0045A620 /* Base */,
			);
			path = Data;
			sourceTree = "<group>";
		};
		880ED9662C23FDB60045A620 /* Presentation */ = {
			isa = PBXGroup;
			children = (
				DC91FACD2C42E3FA0095DD5E /* TabBar */,
				881A3C562C3AA0AA003A72E6 /* QuickScanPage */,
				EDE8CA182C37C3B700E828F1 /* SignUpPage */,
				882DB1562C31C35B00D73FEF /* LoginPage */,
				DC33DAF42C39C75E008B321E /* MainHome */,
				88293F7C2C43BB710082A986 /* SavePage */,
				880ED9732C24011A0045A620 /* Components */,
				880ED96E2C23FEB30045A620 /* Dummy */,
			);
			path = Presentation;
			sourceTree = "<group>";
		};
		880ED9672C23FE0F0045A620 /* Base */ = {
			isa = PBXGroup;
			children = (
			);
			path = Base;
			sourceTree = "<group>";
		};
		880ED9682C23FE160045A620 /* Router */ = {
			isa = PBXGroup;
			children = (
			);
			path = Router;
			sourceTree = "<group>";
		};
		880ED9692C23FE1E0045A620 /* DTO */ = {
			isa = PBXGroup;
			children = (
			);
			path = DTO;
			sourceTree = "<group>";
		};
		880ED96A2C23FE3A0045A620 /* Resource */ = {
			isa = PBXGroup;
			children = (
				880ED9572C23F75D0045A620 /* Assets.xcassets */,
			);
			path = Resource;
			sourceTree = "<group>";
		};
		880ED96B2C23FE400045A620 /* Literal */ = {
			isa = PBXGroup;
			children = (
				21F7B1462C345EDA00A082D8 /* Font */,
			);
			path = Literal;
			sourceTree = "<group>";
		};
		880ED96C2C23FE460045A620 /* Extension */ = {
			isa = PBXGroup;
			children = (
				DC3B1A152C3182A7003FA5C9 /* UIColor+.swift */,
				21F7B1592C34620A00A082D8 /* UIFont+.swift */,
				21F7B15B2C3471AA00A082D8 /* NSAttributedString+.swift */,
				21F7B15D2C3473C500A082D8 /* UILabel+.swift */,
				21F7B15F2C34748700A082D8 /* UIButton+.swift */,
				88325C332C38762D004A293D /* UITextField+.swift */,
				88325C352C38B5C5004A293D /* UINavigationBar+.swift */,
				21E15DFD2C3F0637003358A0 /* UIImage+.swift */,
				21DF05C52C4146B4005EB117 /* Reactive+.swift */,
				88AB98142C3FDB2F00AC5043 /* Date+.swift */,
				EDF4C8992C42BCD100DE7643 /* UIView+.swift */,
			);
			path = Extension;
			sourceTree = "<group>";
		};
		880ED96D2C23FE550045A620 /* Utility */ = {
			isa = PBXGroup;
			children = (
				880ED95C2C23F75D0045A620 /* Info.plist */,
				88325C2C2C382DF4004A293D /* PreviewController.swift */,
			);
			path = Utility;
			sourceTree = "<group>";
		};
		880ED96E2C23FEB30045A620 /* Dummy */ = {
			isa = PBXGroup;
			children = (
				880ED9712C23FED90045A620 /* ViewController */,
				880ED9702C23FED20045A620 /* ViewModel */,
				880ED96F2C23FECD0045A620 /* View */,
			);
			path = Dummy;
			sourceTree = "<group>";
		};
		880ED96F2C23FECD0045A620 /* View */ = {
			isa = PBXGroup;
			children = (
				880ED9722C23FEE00045A620 /* Cell */,
			);
			path = View;
			sourceTree = "<group>";
		};
		880ED9702C23FED20045A620 /* ViewModel */ = {
			isa = PBXGroup;
			children = (
			);
			path = ViewModel;
			sourceTree = "<group>";
		};
		880ED9712C23FED90045A620 /* ViewController */ = {
			isa = PBXGroup;
			children = (
			);
			path = ViewController;
			sourceTree = "<group>";
		};
		880ED9722C23FEE00045A620 /* Cell */ = {
			isa = PBXGroup;
			children = (
			);
			path = Cell;
			sourceTree = "<group>";
		};
		880ED9732C24011A0045A620 /* Components */ = {
			isa = PBXGroup;
			children = (
				88325C2F2C384440004A293D /* CustomButton.swift */,
				88325C312C385CD1004A293D /* CustomTextfield.swift */,
				88AB98092C3EF48F00AC5043 /* CapsuleLabelView.swift */,
				EDF4C8802C3F13D900DE7643 /* CustomMenuTableViewCell.swift */,
			);
			path = Components;
			sourceTree = "<group>";
		};
		881A3C562C3AA0AA003A72E6 /* QuickScanPage */ = {
			isa = PBXGroup;
			children = (
				881A3C592C3AA0C4003A72E6 /* View */,
				881A3C572C3AA0B6003A72E6 /* ViewController */,
				881A3C582C3AA0BE003A72E6 /* ViewModel */,
			);
			path = QuickScanPage;
			sourceTree = "<group>";
		};
		881A3C572C3AA0B6003A72E6 /* ViewController */ = {
			isa = PBXGroup;
			children = (
				88AB980D2C3F27A300AC5043 /* QuickScanViewController.swift */,
				88AB98182C418A2000AC5043 /* QuickScanCompletionViewController.swift */,
			);
			path = ViewController;
			sourceTree = "<group>";
		};
		881A3C582C3AA0BE003A72E6 /* ViewModel */ = {
			isa = PBXGroup;
			children = (
				88AB980F2C3FD35300AC5043 /* QuickScanViewModel.swift */,
			);
			path = ViewModel;
			sourceTree = "<group>";
		};
		881A3C592C3AA0C4003A72E6 /* View */ = {
			isa = PBXGroup;
			children = (
				88AB98112C3FD5C100AC5043 /* Cell */,
				881A3C5A2C3AE6E2003A72E6 /* QuickScanIndicatorView.swift */,
				88AB980B2C3F04B300AC5043 /* ChipContentView.swift */,
				88AB98072C3ECAB900AC5043 /* QuickScanView.swift */,
				88AB98162C41749D00AC5043 /* QuickScanCompletionView.swift */,
			);
			path = View;
			sourceTree = "<group>";
		};
		88293F7C2C43BB710082A986 /* SavePage */ = {
			isa = PBXGroup;
			children = (
				88293F7F2C43BBA60082A986 /* View */,
				88293F7E2C43BBA30082A986 /* ViewModel */,
				88293F7D2C43BB9D0082A986 /* ViewController */,
			);
			path = SavePage;
			sourceTree = "<group>";
		};
		88293F7D2C43BB9D0082A986 /* ViewController */ = {
			isa = PBXGroup;
			children = (
				88293F822C43C1370082A986 /* SavedNoticeVC.swift */,
			);
			path = ViewController;
			sourceTree = "<group>";
		};
		88293F7E2C43BBA30082A986 /* ViewModel */ = {
			isa = PBXGroup;
			children = (
				88293F842C43F4680082A986 /* SavedNoticeVM.swift */,
			);
			path = ViewModel;
			sourceTree = "<group>";
		};
		88293F7F2C43BBA60082A986 /* View */ = {
			isa = PBXGroup;
			children = (
				88293F802C43BBBE0082A986 /* SavedNoticeView.swift */,
			);
			path = View;
			sourceTree = "<group>";
		};
		882DB1562C31C35B00D73FEF /* LoginPage */ = {
			isa = PBXGroup;
			children = (
				882DB1592C31C3E900D73FEF /* View */,
				882DB1582C31C39D00D73FEF /* ViewModel */,
				882DB1572C31C37000D73FEF /* ViewController */,
			);
			path = LoginPage;
			sourceTree = "<group>";
		};
		882DB1572C31C37000D73FEF /* ViewController */ = {
			isa = PBXGroup;
			children = (
				882DB15C2C31C6D200D73FEF /* LoginViewController.swift */,
				882DB1622C31D74100D73FEF /* InitialViewController.swift */,
				882DB1662C31D8F200D73FEF /* WelcomeViewController.swift */,
				88293F7A2C42C1D10082A986 /* NoAccountViewController.swift */,
			);
			path = ViewController;
			sourceTree = "<group>";
		};
		882DB1582C31C39D00D73FEF /* ViewModel */ = {
			isa = PBXGroup;
			children = (
				882DB15E2C31C94A00D73FEF /* LoginViewModel.swift */,
			);
			path = ViewModel;
			sourceTree = "<group>";
		};
		882DB1592C31C3E900D73FEF /* View */ = {
			isa = PBXGroup;
			children = (
				882DB15A2C31C45400D73FEF /* LoginView.swift */,
				882DB1602C31D38300D73FEF /* InitialView.swift */,
				882DB1642C31D83F00D73FEF /* WelcomeView.swift */,
				883B2CFC2C42B6E400D19A78 /* NoAccountView.swift */,
			);
			path = View;
			sourceTree = "<group>";
		};
		88AB98042C3EC8C800AC5043 /* QuickScan */ = {
			isa = PBXGroup;
			children = (
				88AB98052C3EC95B00AC5043 /* QuickScan.swift */,
			);
			path = QuickScan;
			sourceTree = "<group>";
		};
		88AB98112C3FD5C100AC5043 /* Cell */ = {
			isa = PBXGroup;
			children = (
				88AB98122C3FD5E700AC5043 /* QuickScanContentCollectionViewCell.swift */,
			);
			path = Cell;
			sourceTree = "<group>";
		};
		DC33DAF42C39C75E008B321E /* MainHome */ = {
			isa = PBXGroup;
			children = (
				DC33DAF52C39C79D008B321E /* View */,
				DC33DAF62C39C7A1008B321E /* ViewModel */,
				DC33DB132C3B16D3008B321E /* ViewController */,
			);
			path = MainHome;
			sourceTree = "<group>";
		};
		DC33DAF52C39C79D008B321E /* View */ = {
			isa = PBXGroup;
			children = (
				DC33DAFA2C39D87A008B321E /* Cell */,
				DC91FACB2C42B9A70095DD5E /* HeaderView.swift */,
				DC33DAF82C39CD1F008B321E /* MainHomeView.swift */,
				EDF4C8882C41965900DE7643 /* CreateNoticeView.swift */,
				EDF4C8912C41DA6E00DE7643 /* TargetView.swift */,
				EDF4C8932C41DB0200DE7643 /* DateView.swift */,
			);
			path = View;
			sourceTree = "<group>";
		};
		DC33DAF62C39C7A1008B321E /* ViewModel */ = {
			isa = PBXGroup;
			children = (
				DC9EBCB72C3F44FC007337A0 /* MainHomeViewModel.swift */,
				EDF4C8972C42AF7900DE7643 /* CreateNoticeVM.swift */,
			);
			path = ViewModel;
			sourceTree = "<group>";
		};
		DC33DAFA2C39D87A008B321E /* Cell */ = {
			isa = PBXGroup;
			children = (
				DC33DB162C3B2A64008B321E /* QuickScanCollectionViewCell.swift */,
				DC9EBCB12C3EC37C007337A0 /* CouncilCVC.swift */,
				DC9EBCB32C3EC386007337A0 /* ArticleCVC.swift */,
				EDF4C8952C42680200DE7643 /* ImageCVC.swift */,
			);
			path = Cell;
			sourceTree = "<group>";
		};
		DC33DB132C3B16D3008B321E /* ViewController */ = {
			isa = PBXGroup;
			children = (
				DC33DB0F2C3B1691008B321E /* MainHomeViewController.swift */,
				EDF4C88A2C41966300DE7643 /* CreateNoticeVC.swift */,
			);
			path = ViewController;
			sourceTree = "<group>";
		};
		DC91FACD2C42E3FA0095DD5E /* TabBar */ = {
			isa = PBXGroup;
			children = (
				DC91FAD02C42E7530095DD5E /* Model */,
				DC91FACE2C42E4710095DD5E /* TabBarVC.swift */,
			);
			path = TabBar;
			sourceTree = "<group>";
		};
		DC91FAD02C42E7530095DD5E /* Model */ = {
			isa = PBXGroup;
			children = (
				DC91FAD12C42E75D0095DD5E /* AppTab.swift */,
			);
			path = Model;
			sourceTree = "<group>";
		};
		DC9EBCAE2C3EB2B3007337A0 /* MainHomeModel */ = {
			isa = PBXGroup;
			children = (
				DC9EBCAF2C3EB2CC007337A0 /* mainHomeModel.swift */,
			);
			path = MainHomeModel;
			sourceTree = "<group>";
		};
		EDE8CA182C37C3B700E828F1 /* SignUpPage */ = {
			isa = PBXGroup;
			children = (
				EDE8CA1A2C37C3C800E828F1 /* ViewController */,
				EDE8CA192C37C3C100E828F1 /* View */,
				2195F6DB2C397539008D2485 /* ViewModel */,
			);
			path = SignUpPage;
			sourceTree = "<group>";
		};
		EDE8CA192C37C3C100E828F1 /* View */ = {
			isa = PBXGroup;
			children = (
				EDF4C88E2C41C88D00DE7643 /* Cell */,
				EDE8CA1B2C37C42D00E828F1 /* SignUpIntroView.swift */,
				EDE8CA1F2C37C4FF00E828F1 /* UniversityInputView.swift */,
				EDE8CA212C37C51300E828F1 /* DepartmentInputView.swift */,
				EDE8CA232C37C52B00E828F1 /* AdmissionYearSelectionView.swift */,
				EDE8CA252C37C53F00E828F1 /* UnivInfoConfirmView.swift */,
				2132A8392C3A6E2B00795667 /* StudentIDPhotoInputView.swift */,
				2132A83B2C3A6FAD00795667 /* StudentInfoInputView.swift */,
				2132A83D2C3A6FC000795667 /* StudentInfoConfirmView.swift */,
				2132A83F2C3A6FC800795667 /* TOSCheckView.swift */,
				2132A8412C3A6FD400795667 /* CreateAccountView.swift */,
				2132A8432C3A6FE900795667 /* SignUpInfoCheckingView.swift */,
			);
			path = View;
			sourceTree = "<group>";
		};
		EDE8CA1A2C37C3C800E828F1 /* ViewController */ = {
			isa = PBXGroup;
			children = (
				EDE8CA1D2C37C4AD00E828F1 /* SignUpIntroVC.swift */,
				EDE8CA272C37C59800E828F1 /* UniversityInputVC.swift */,
				EDE8CA292C37C5B800E828F1 /* DepartmentInputVC.swift */,
				EDE8CA2B2C37C5E500E828F1 /* AdmissionYearSelectionVC.swift */,
				EDE8CA2D2C37C5FA00E828F1 /* UnivInfoConfirmVC.swift */,
				2132A8372C3A6BA800795667 /* StudentIDPhotoInputVC.swift */,
				2132A8452C3A6FFB00795667 /* StudentInfoInputVC.swift */,
				2132A8472C3A700F00795667 /* StudentInfoConfirmVC.swift */,
				2132A84B2C3A701D00795667 /* CreateAccountVC.swift */,
				2132A8492C3A701600795667 /* TOSCheckVC.swift */,
				2132A84D2C3A702400795667 /* SignUpInfoCheckingVC.swift */,
			);
			path = ViewController;
			sourceTree = "<group>";
		};
		EDF4C88E2C41C88D00DE7643 /* Cell */ = {
			isa = PBXGroup;
			children = (
				EDF4C87C2C3B17C000DE7643 /* UniversityTableViewCell.swift */,
				EDF4C8862C41307400DE7643 /* DepartmentTableViewCell.swift */,
			);
			path = Cell;
			sourceTree = "<group>";
		};
/* End PBXGroup section */

/* Begin PBXNativeTarget section */
		880ED94A2C23F75B0045A620 /* UniVoice */ = {
			isa = PBXNativeTarget;
			buildConfigurationList = 880ED95F2C23F75D0045A620 /* Build configuration list for PBXNativeTarget "UniVoice" */;
			buildPhases = (
				880ED9472C23F75B0045A620 /* Sources */,
				880ED9482C23F75B0045A620 /* Frameworks */,
				880ED9492C23F75B0045A620 /* Resources */,
				8851A2732C2404FE006912D4 /* ShellScript */,
			);
			buildRules = (
			);
			dependencies = (
			);
			name = UniVoice;
			packageProductDependencies = (
				880ED9752C2402BF0045A620 /* SnapKit */,
				880ED9782C2402CA0045A620 /* Then */,
				880ED97B2C2402D90045A620 /* Kingfisher */,
				880ED97E2C2402FC0045A620 /* Moya */,
				880ED9802C2402FC0045A620 /* ReactiveMoya */,
				880ED9822C2402FC0045A620 /* RxMoya */,
				880ED9852C2403120045A620 /* RxCocoa */,
				880ED9872C2403120045A620 /* RxRelay */,
				880ED9892C2403120045A620 /* RxSwift */,
				880ED98C2C2403490045A620 /* Differentiator */,
				880ED98E2C2403490045A620 /* RxDataSources */,
			);
			productName = UniVoice;
			productReference = 880ED94B2C23F75B0045A620 /* UniVoice.app */;
			productType = "com.apple.product-type.application";
		};
/* End PBXNativeTarget section */

/* Begin PBXProject section */
		880ED9432C23F75B0045A620 /* Project object */ = {
			isa = PBXProject;
			attributes = {
				BuildIndependentTargetsInParallel = 1;
				LastSwiftUpdateCheck = 1540;
				LastUpgradeCheck = 1540;
				TargetAttributes = {
					880ED94A2C23F75B0045A620 = {
						CreatedOnToolsVersion = 15.4;
					};
				};
			};
			buildConfigurationList = 880ED9462C23F75B0045A620 /* Build configuration list for PBXProject "UniVoice" */;
			compatibilityVersion = "Xcode 14.0";
			developmentRegion = en;
			hasScannedForEncodings = 0;
			knownRegions = (
				en,
				Base,
			);
			mainGroup = 880ED9422C23F75B0045A620;
			packageReferences = (
				880ED9742C2402BF0045A620 /* XCRemoteSwiftPackageReference "SnapKit" */,
				880ED9772C2402CA0045A620 /* XCRemoteSwiftPackageReference "Then" */,
				880ED97A2C2402D90045A620 /* XCRemoteSwiftPackageReference "Kingfisher" */,
				880ED97D2C2402FC0045A620 /* XCRemoteSwiftPackageReference "Moya" */,
				880ED9842C2403120045A620 /* XCRemoteSwiftPackageReference "RxSwift" */,
				880ED98B2C2403490045A620 /* XCRemoteSwiftPackageReference "RxDataSources" */,
			);
			productRefGroup = 880ED94C2C23F75B0045A620 /* Products */;
			projectDirPath = "";
			projectRoot = "";
			targets = (
				880ED94A2C23F75B0045A620 /* UniVoice */,
			);
		};
/* End PBXProject section */

/* Begin PBXResourcesBuildPhase section */
		880ED9492C23F75B0045A620 /* Resources */ = {
			isa = PBXResourcesBuildPhase;
			buildActionMask = 2147483647;
			files = (
				21F7B1522C345F8F00A082D8 /* Pretendard-ExtraLight.otf in Resources */,
				21F7B1542C345F8F00A082D8 /* Pretendard-Bold.otf in Resources */,
				8851A2722C2404CA006912D4 /* .swiftlint.yml in Resources */,
				21F7B1552C345F8F00A082D8 /* Pretendard-Thin.otf in Resources */,
				21F7B1502C345F8F00A082D8 /* Pretendard-Regular.otf in Resources */,
				21F7B1582C345F8F00A082D8 /* Pretendard-Light.otf in Resources */,
				21F7B1512C345F8F00A082D8 /* Pretendard-ExtraBold.otf in Resources */,
				880ED9582C23F75D0045A620 /* Assets.xcassets in Resources */,
				21F7B1562C345F8F00A082D8 /* Pretendard-SemiBold.otf in Resources */,
				21F7B1532C345F8F00A082D8 /* Pretendard-Black.otf in Resources */,
				880ED95B2C23F75D0045A620 /* Base in Resources */,
				21F7B1572C345F8F00A082D8 /* Pretendard-Medium.otf in Resources */,
			);
			runOnlyForDeploymentPostprocessing = 0;
		};
/* End PBXResourcesBuildPhase section */

/* Begin PBXShellScriptBuildPhase section */
		8851A2732C2404FE006912D4 /* ShellScript */ = {
			isa = PBXShellScriptBuildPhase;
			alwaysOutOfDate = 1;
			buildActionMask = 2147483647;
			files = (
			);
			inputFileListPaths = (
			);
			inputPaths = (
			);
			outputFileListPaths = (
			);
			outputPaths = (
			);
			runOnlyForDeploymentPostprocessing = 0;
			shellPath = /bin/sh;
			shellScript = "if [[ \"$(uname -m)\" == arm64 ]]; then\n    export PATH=\"/opt/homebrew/bin:$PATH\"\nfi\n\nif which swiftlint > /dev/null; then\n  swiftlint\nelse\n  echo \"warning: SwiftLint not installed, download from https://github.com/realm/SwiftLint\"\nfi\n";
		};
/* End PBXShellScriptBuildPhase section */

/* Begin PBXSourcesBuildPhase section */
		880ED9472C23F75B0045A620 /* Sources */ = {
			isa = PBXSourcesBuildPhase;
			buildActionMask = 2147483647;
			files = (
				88325C322C385CD1004A293D /* CustomTextfield.swift in Sources */,
				2132A84E2C3A702400795667 /* SignUpInfoCheckingVC.swift in Sources */,
				88293F832C43C1370082A986 /* SavedNoticeVC.swift in Sources */,
				2132A8462C3A6FFB00795667 /* StudentInfoInputVC.swift in Sources */,
				EDE8CA222C37C51300E828F1 /* DepartmentInputView.swift in Sources */,
				880ED9532C23F75B0045A620 /* ViewController.swift in Sources */,
				21E15DFE2C3F0637003358A0 /* UIImage+.swift in Sources */,
				88325C362C38B5C5004A293D /* UINavigationBar+.swift in Sources */,
				881A3C5B2C3AE6E2003A72E6 /* QuickScanIndicatorView.swift in Sources */,
				88293F7B2C42C1D10082A986 /* NoAccountViewController.swift in Sources */,
				88325C302C384440004A293D /* CustomButton.swift in Sources */,
				EDE8CA262C37C53F00E828F1 /* UnivInfoConfirmView.swift in Sources */,
				2132A8442C3A6FEA00795667 /* SignUpInfoCheckingView.swift in Sources */,
				EDF4C8852C412E9900DE7643 /* DepartmentInputVM.swift in Sources */,
				EDE8CA2A2C37C5B800E828F1 /* DepartmentInputVC.swift in Sources */,
				EDF4C8792C3B12F700DE7643 /* UniversityInputVM.swift in Sources */,
				DC3B1A162C3182A7003FA5C9 /* UIColor+.swift in Sources */,
				2132A83A2C3A6E2B00795667 /* StudentIDPhotoInputView.swift in Sources */,
				DC9EBCB42C3EC386007337A0 /* ArticleCVC.swift in Sources */,
				882DB1672C31D8F200D73FEF /* WelcomeViewController.swift in Sources */,
				EDF4C88B2C41966300DE7643 /* CreateNoticeVC.swift in Sources */,
				EDF4C8872C41307400DE7643 /* DepartmentTableViewCell.swift in Sources */,
				88325C342C38762D004A293D /* UITextField+.swift in Sources */,
				880ED94F2C23F75B0045A620 /* AppDelegate.swift in Sources */,
				21F7B1602C34748700A082D8 /* UIButton+.swift in Sources */,
				88293F812C43BBBE0082A986 /* SavedNoticeView.swift in Sources */,
				DC91FACF2C42E4710095DD5E /* TabBarVC.swift in Sources */,
				EDE8CA282C37C59800E828F1 /* UniversityInputVC.swift in Sources */,
				21F7B15E2C3473C500A082D8 /* UILabel+.swift in Sources */,
				DC91FAD22C42E75D0095DD5E /* AppTab.swift in Sources */,
				21F7B15A2C34620A00A082D8 /* UIFont+.swift in Sources */,
				883B2CFD2C42B6E400D19A78 /* NoAccountView.swift in Sources */,
				2132A8402C3A6FC800795667 /* TOSCheckView.swift in Sources */,
				21DF05C82C41A57B005EB117 /* TOSCheckVM.swift in Sources */,
				EDF4C8812C3F13D900DE7643 /* CustomMenuTableViewCell.swift in Sources */,
				EDE8CA202C37C4FF00E828F1 /* UniversityInputView.swift in Sources */,
				882DB15F2C31C94A00D73FEF /* LoginViewModel.swift in Sources */,
				EDE8CA1E2C37C4AD00E828F1 /* SignUpIntroVC.swift in Sources */,
				2132A83C2C3A6FAD00795667 /* StudentInfoInputView.swift in Sources */,
				2132A8422C3A6FD400795667 /* CreateAccountView.swift in Sources */,
				2132A83E2C3A6FC000795667 /* StudentInfoConfirmView.swift in Sources */,
				88AB98192C418A2000AC5043 /* QuickScanCompletionViewController.swift in Sources */,
				88AB980E2C3F27A300AC5043 /* QuickScanViewController.swift in Sources */,
				EDE8CA2E2C37C5FA00E828F1 /* UnivInfoConfirmVC.swift in Sources */,
				211B408C2C3ED58A008CFAAD /* StudentInfoConfirmVM.swift in Sources */,
				882DB15B2C31C45400D73FEF /* LoginView.swift in Sources */,
				EDF4C8982C42AF7900DE7643 /* CreateNoticeVM.swift in Sources */,
				EDF4C89A2C42BCD100DE7643 /* UIView+.swift in Sources */,
				21DF05C42C3FCE01005EB117 /* CreateAccountVM.swift in Sources */,
				EDE8CA242C37C52B00E828F1 /* AdmissionYearSelectionView.swift in Sources */,
				88AB980C2C3F04B300AC5043 /* ChipContentView.swift in Sources */,
				EDE8CA2C2C37C5E500E828F1 /* AdmissionYearSelectionVC.swift in Sources */,
				88AB98172C41749D00AC5043 /* QuickScanCompletionView.swift in Sources */,
				EDF4C8942C41DB0200DE7643 /* DateView.swift in Sources */,
				882DB1652C31D83F00D73FEF /* WelcomeView.swift in Sources */,
				88AB98082C3ECAB900AC5043 /* QuickScanView.swift in Sources */,
				DC91FACC2C42B9A70095DD5E /* HeaderView.swift in Sources */,
				DC33DB102C3B1691008B321E /* MainHomeViewController.swift in Sources */,
				88AB98102C3FD35300AC5043 /* QuickScanViewModel.swift in Sources */,
				882DB15D2C31C6D200D73FEF /* LoginViewController.swift in Sources */,
				DC9EBCB82C3F44FC007337A0 /* MainHomeViewModel.swift in Sources */,
				882DB1612C31D38300D73FEF /* InitialView.swift in Sources */,
				88293F852C43F4680082A986 /* SavedNoticeVM.swift in Sources */,
				EDF4C8922C41DA6E00DE7643 /* TargetView.swift in Sources */,
				211B408A2C3E8424008CFAAD /* StudentInfoInputVM.swift in Sources */,
				EDF4C8962C42680200DE7643 /* ImageCVC.swift in Sources */,
				88AB98132C3FD5E700AC5043 /* QuickScanContentCollectionViewCell.swift in Sources */,
				2132A84C2C3A701D00795667 /* CreateAccountVC.swift in Sources */,
				21DF05C62C4146B4005EB117 /* Reactive+.swift in Sources */,
				2195F6DA2C397531008D2485 /* StudentIDPhotoInputVM.swift in Sources */,
				880ED9512C23F75B0045A620 /* SceneDelegate.swift in Sources */,
				EDF4C87D2C3B17C000DE7643 /* UniversityTableViewCell.swift in Sources */,
				88AB980A2C3EF48F00AC5043 /* CapsuleLabelView.swift in Sources */,
				DC33DB172C3B2A64008B321E /* QuickScanCollectionViewCell.swift in Sources */,
				88AB98152C3FDB2F00AC5043 /* Date+.swift in Sources */,
				DC33DAF92C39CD1F008B321E /* MainHomeView.swift in Sources */,
				DC9EBCB02C3EB2CC007337A0 /* mainHomeModel.swift in Sources */,
				DC33DB172C3B2A64008B321E /* QuickScanCollectionViewCell.swift in Sources */,
				88325C2D2C382DF4004A293D /* PreviewController.swift in Sources */,
				88AB98062C3EC95B00AC5043 /* QuickScan.swift in Sources */,
				EDE8CA1C2C37C42D00E828F1 /* SignUpIntroView.swift in Sources */,
				2132A8382C3A6BA800795667 /* StudentIDPhotoInputVC.swift in Sources */,
				882DB1632C31D74100D73FEF /* InitialViewController.swift in Sources */,
				21F7B15C2C3471AA00A082D8 /* NSAttributedString+.swift in Sources */,
				DC9EBCB22C3EC37C007337A0 /* CouncilCVC.swift in Sources */,
				2132A84A2C3A701600795667 /* TOSCheckVC.swift in Sources */,
				EDF4C8892C41965900DE7643 /* CreateNoticeView.swift in Sources */,
				2132A8482C3A700F00795667 /* StudentInfoConfirmVC.swift in Sources */,
			);
			runOnlyForDeploymentPostprocessing = 0;
		};
/* End PBXSourcesBuildPhase section */

/* Begin PBXVariantGroup section */
		880ED9592C23F75D0045A620 /* LaunchScreen.storyboard */ = {
			isa = PBXVariantGroup;
			children = (
				880ED95A2C23F75D0045A620 /* Base */,
			);
			name = LaunchScreen.storyboard;
			sourceTree = "<group>";
		};
/* End PBXVariantGroup section */

/* Begin XCBuildConfiguration section */
		880ED95D2C23F75D0045A620 /* Debug */ = {
			isa = XCBuildConfiguration;
			buildSettings = {
				ALWAYS_SEARCH_USER_PATHS = NO;
				ASSETCATALOG_COMPILER_GENERATE_SWIFT_ASSET_SYMBOL_EXTENSIONS = YES;
				CLANG_ANALYZER_NONNULL = YES;
				CLANG_ANALYZER_NUMBER_OBJECT_CONVERSION = YES_AGGRESSIVE;
				CLANG_CXX_LANGUAGE_STANDARD = "gnu++20";
				CLANG_ENABLE_MODULES = YES;
				CLANG_ENABLE_OBJC_ARC = YES;
				CLANG_ENABLE_OBJC_WEAK = YES;
				CLANG_WARN_BLOCK_CAPTURE_AUTORELEASING = YES;
				CLANG_WARN_BOOL_CONVERSION = YES;
				CLANG_WARN_COMMA = YES;
				CLANG_WARN_CONSTANT_CONVERSION = YES;
				CLANG_WARN_DEPRECATED_OBJC_IMPLEMENTATIONS = YES;
				CLANG_WARN_DIRECT_OBJC_ISA_USAGE = YES_ERROR;
				CLANG_WARN_DOCUMENTATION_COMMENTS = YES;
				CLANG_WARN_EMPTY_BODY = YES;
				CLANG_WARN_ENUM_CONVERSION = YES;
				CLANG_WARN_INFINITE_RECURSION = YES;
				CLANG_WARN_INT_CONVERSION = YES;
				CLANG_WARN_NON_LITERAL_NULL_CONVERSION = YES;
				CLANG_WARN_OBJC_IMPLICIT_RETAIN_SELF = YES;
				CLANG_WARN_OBJC_LITERAL_CONVERSION = YES;
				CLANG_WARN_OBJC_ROOT_CLASS = YES_ERROR;
				CLANG_WARN_QUOTED_INCLUDE_IN_FRAMEWORK_HEADER = YES;
				CLANG_WARN_RANGE_LOOP_ANALYSIS = YES;
				CLANG_WARN_STRICT_PROTOTYPES = YES;
				CLANG_WARN_SUSPICIOUS_MOVE = YES;
				CLANG_WARN_UNGUARDED_AVAILABILITY = YES_AGGRESSIVE;
				CLANG_WARN_UNREACHABLE_CODE = YES;
				CLANG_WARN__DUPLICATE_METHOD_MATCH = YES;
				COPY_PHASE_STRIP = NO;
				DEBUG_INFORMATION_FORMAT = dwarf;
				ENABLE_STRICT_OBJC_MSGSEND = YES;
				ENABLE_TESTABILITY = YES;
				ENABLE_USER_SCRIPT_SANDBOXING = YES;
				GCC_C_LANGUAGE_STANDARD = gnu17;
				GCC_DYNAMIC_NO_PIC = NO;
				GCC_NO_COMMON_BLOCKS = YES;
				GCC_OPTIMIZATION_LEVEL = 0;
				GCC_PREPROCESSOR_DEFINITIONS = (
					"DEBUG=1",
					"$(inherited)",
				);
				GCC_WARN_64_TO_32_BIT_CONVERSION = YES;
				GCC_WARN_ABOUT_RETURN_TYPE = YES_ERROR;
				GCC_WARN_UNDECLARED_SELECTOR = YES;
				GCC_WARN_UNINITIALIZED_AUTOS = YES_AGGRESSIVE;
				GCC_WARN_UNUSED_FUNCTION = YES;
				GCC_WARN_UNUSED_VARIABLE = YES;
				INFOPLIST_FILE = UniVoice/Global/Utility/Info.plist;
				IPHONEOS_DEPLOYMENT_TARGET = 15.0;
				LOCALIZATION_PREFERS_STRING_CATALOGS = YES;
				MTL_ENABLE_DEBUG_INFO = INCLUDE_SOURCE;
				MTL_FAST_MATH = YES;
				ONLY_ACTIVE_ARCH = YES;
				SDKROOT = iphoneos;
				SWIFT_ACTIVE_COMPILATION_CONDITIONS = "DEBUG $(inherited)";
				SWIFT_OPTIMIZATION_LEVEL = "-Onone";
			};
			name = Debug;
		};
		880ED95E2C23F75D0045A620 /* Release */ = {
			isa = XCBuildConfiguration;
			buildSettings = {
				ALWAYS_SEARCH_USER_PATHS = NO;
				ASSETCATALOG_COMPILER_GENERATE_SWIFT_ASSET_SYMBOL_EXTENSIONS = YES;
				CLANG_ANALYZER_NONNULL = YES;
				CLANG_ANALYZER_NUMBER_OBJECT_CONVERSION = YES_AGGRESSIVE;
				CLANG_CXX_LANGUAGE_STANDARD = "gnu++20";
				CLANG_ENABLE_MODULES = YES;
				CLANG_ENABLE_OBJC_ARC = YES;
				CLANG_ENABLE_OBJC_WEAK = YES;
				CLANG_WARN_BLOCK_CAPTURE_AUTORELEASING = YES;
				CLANG_WARN_BOOL_CONVERSION = YES;
				CLANG_WARN_COMMA = YES;
				CLANG_WARN_CONSTANT_CONVERSION = YES;
				CLANG_WARN_DEPRECATED_OBJC_IMPLEMENTATIONS = YES;
				CLANG_WARN_DIRECT_OBJC_ISA_USAGE = YES_ERROR;
				CLANG_WARN_DOCUMENTATION_COMMENTS = YES;
				CLANG_WARN_EMPTY_BODY = YES;
				CLANG_WARN_ENUM_CONVERSION = YES;
				CLANG_WARN_INFINITE_RECURSION = YES;
				CLANG_WARN_INT_CONVERSION = YES;
				CLANG_WARN_NON_LITERAL_NULL_CONVERSION = YES;
				CLANG_WARN_OBJC_IMPLICIT_RETAIN_SELF = YES;
				CLANG_WARN_OBJC_LITERAL_CONVERSION = YES;
				CLANG_WARN_OBJC_ROOT_CLASS = YES_ERROR;
				CLANG_WARN_QUOTED_INCLUDE_IN_FRAMEWORK_HEADER = YES;
				CLANG_WARN_RANGE_LOOP_ANALYSIS = YES;
				CLANG_WARN_STRICT_PROTOTYPES = YES;
				CLANG_WARN_SUSPICIOUS_MOVE = YES;
				CLANG_WARN_UNGUARDED_AVAILABILITY = YES_AGGRESSIVE;
				CLANG_WARN_UNREACHABLE_CODE = YES;
				CLANG_WARN__DUPLICATE_METHOD_MATCH = YES;
				COPY_PHASE_STRIP = NO;
				DEBUG_INFORMATION_FORMAT = "dwarf-with-dsym";
				ENABLE_NS_ASSERTIONS = NO;
				ENABLE_STRICT_OBJC_MSGSEND = YES;
				ENABLE_USER_SCRIPT_SANDBOXING = YES;
				GCC_C_LANGUAGE_STANDARD = gnu17;
				GCC_NO_COMMON_BLOCKS = YES;
				GCC_WARN_64_TO_32_BIT_CONVERSION = YES;
				GCC_WARN_ABOUT_RETURN_TYPE = YES_ERROR;
				GCC_WARN_UNDECLARED_SELECTOR = YES;
				GCC_WARN_UNINITIALIZED_AUTOS = YES_AGGRESSIVE;
				GCC_WARN_UNUSED_FUNCTION = YES;
				GCC_WARN_UNUSED_VARIABLE = YES;
				INFOPLIST_FILE = UniVoice/Global/Utility/Info.plist;
				IPHONEOS_DEPLOYMENT_TARGET = 15.0;
				LOCALIZATION_PREFERS_STRING_CATALOGS = YES;
				MTL_ENABLE_DEBUG_INFO = NO;
				MTL_FAST_MATH = YES;
				SDKROOT = iphoneos;
				SWIFT_COMPILATION_MODE = wholemodule;
				VALIDATE_PRODUCT = YES;
			};
			name = Release;
		};
		880ED9602C23F75D0045A620 /* Debug */ = {
			isa = XCBuildConfiguration;
			buildSettings = {
				ASSETCATALOG_COMPILER_APPICON_NAME = AppIcon;
				ASSETCATALOG_COMPILER_GLOBAL_ACCENT_COLOR_NAME = AccentColor;
				"CODE_SIGN_IDENTITY[sdk=iphoneos*]" = "iPhone Developer";
				CODE_SIGN_STYLE = Manual;
				CURRENT_PROJECT_VERSION = 1;
				DEVELOPMENT_TEAM = "";
				"DEVELOPMENT_TEAM[sdk=iphoneos*]" = 8T2JAAS967;
				ENABLE_USER_SCRIPT_SANDBOXING = NO;
				GENERATE_INFOPLIST_FILE = YES;
				INFOPLIST_FILE = UniVoice/Global/Utility/Info.plist;
				INFOPLIST_KEY_UIApplicationSupportsIndirectInputEvents = YES;
				INFOPLIST_KEY_UILaunchStoryboardName = LaunchScreen;
				INFOPLIST_KEY_UISupportedInterfaceOrientations = UIInterfaceOrientationPortrait;
				INFOPLIST_KEY_UISupportedInterfaceOrientations_iPad = "UIInterfaceOrientationLandscapeLeft UIInterfaceOrientationLandscapeRight UIInterfaceOrientationPortrait UIInterfaceOrientationPortraitUpsideDown";
				IPHONEOS_DEPLOYMENT_TARGET = 15.0;
				LD_RUNPATH_SEARCH_PATHS = (
					"$(inherited)",
					"@executable_path/Frameworks",
				);
				MARKETING_VERSION = 1.0;
				PRODUCT_BUNDLE_IDENTIFIER = com.Frank.UniVoice;
				PRODUCT_NAME = "$(TARGET_NAME)";
				PROVISIONING_PROFILE_SPECIFIER = "";
				"PROVISIONING_PROFILE_SPECIFIER[sdk=iphoneos*]" = "UniVoice Debug";
				SUPPORTED_PLATFORMS = "iphoneos iphonesimulator";
				SUPPORTS_MACCATALYST = NO;
				SWIFT_EMIT_LOC_STRINGS = YES;
				SWIFT_VERSION = 5.0;
				TARGETED_DEVICE_FAMILY = 1;
			};
			name = Debug;
		};
		880ED9612C23F75D0045A620 /* Release */ = {
			isa = XCBuildConfiguration;
			buildSettings = {
				ASSETCATALOG_COMPILER_APPICON_NAME = AppIcon;
				ASSETCATALOG_COMPILER_GLOBAL_ACCENT_COLOR_NAME = AccentColor;
				"CODE_SIGN_IDENTITY[sdk=iphoneos*]" = "iPhone Distribution";
				CODE_SIGN_STYLE = Manual;
				CURRENT_PROJECT_VERSION = 1;
				DEVELOPMENT_TEAM = "";
				"DEVELOPMENT_TEAM[sdk=iphoneos*]" = 8T2JAAS967;
				ENABLE_USER_SCRIPT_SANDBOXING = NO;
				GENERATE_INFOPLIST_FILE = YES;
				INFOPLIST_FILE = UniVoice/Global/Utility/Info.plist;
				INFOPLIST_KEY_UIApplicationSupportsIndirectInputEvents = YES;
				INFOPLIST_KEY_UILaunchStoryboardName = LaunchScreen;
				INFOPLIST_KEY_UISupportedInterfaceOrientations = UIInterfaceOrientationPortrait;
				INFOPLIST_KEY_UISupportedInterfaceOrientations_iPad = "UIInterfaceOrientationLandscapeLeft UIInterfaceOrientationLandscapeRight UIInterfaceOrientationPortrait UIInterfaceOrientationPortraitUpsideDown";
				IPHONEOS_DEPLOYMENT_TARGET = 15.0;
				LD_RUNPATH_SEARCH_PATHS = (
					"$(inherited)",
					"@executable_path/Frameworks",
				);
				MARKETING_VERSION = 1.0;
				PRODUCT_BUNDLE_IDENTIFIER = com.Frank.UniVoice;
				PRODUCT_NAME = "$(TARGET_NAME)";
				PROVISIONING_PROFILE_SPECIFIER = "";
				"PROVISIONING_PROFILE_SPECIFIER[sdk=iphoneos*]" = "UniVoice Release";
				SUPPORTED_PLATFORMS = "iphoneos iphonesimulator";
				SUPPORTS_MACCATALYST = NO;
				SWIFT_EMIT_LOC_STRINGS = YES;
				SWIFT_VERSION = 5.0;
				TARGETED_DEVICE_FAMILY = 1;
			};
			name = Release;
		};
/* End XCBuildConfiguration section */

/* Begin XCConfigurationList section */
		880ED9462C23F75B0045A620 /* Build configuration list for PBXProject "UniVoice" */ = {
			isa = XCConfigurationList;
			buildConfigurations = (
				880ED95D2C23F75D0045A620 /* Debug */,
				880ED95E2C23F75D0045A620 /* Release */,
			);
			defaultConfigurationIsVisible = 0;
			defaultConfigurationName = Release;
		};
		880ED95F2C23F75D0045A620 /* Build configuration list for PBXNativeTarget "UniVoice" */ = {
			isa = XCConfigurationList;
			buildConfigurations = (
				880ED9602C23F75D0045A620 /* Debug */,
				880ED9612C23F75D0045A620 /* Release */,
			);
			defaultConfigurationIsVisible = 0;
			defaultConfigurationName = Release;
		};
/* End XCConfigurationList section */

/* Begin XCRemoteSwiftPackageReference section */
		880ED9742C2402BF0045A620 /* XCRemoteSwiftPackageReference "SnapKit" */ = {
			isa = XCRemoteSwiftPackageReference;
			repositoryURL = "https://github.com/SnapKit/SnapKit.git";
			requirement = {
				kind = upToNextMajorVersion;
				minimumVersion = 5.7.1;
			};
		};
		880ED9772C2402CA0045A620 /* XCRemoteSwiftPackageReference "Then" */ = {
			isa = XCRemoteSwiftPackageReference;
			repositoryURL = "https://github.com/devxoul/Then.git";
			requirement = {
				kind = upToNextMajorVersion;
				minimumVersion = 3.0.0;
			};
		};
		880ED97A2C2402D90045A620 /* XCRemoteSwiftPackageReference "Kingfisher" */ = {
			isa = XCRemoteSwiftPackageReference;
			repositoryURL = "https://github.com/onevcat/Kingfisher.git";
			requirement = {
				kind = upToNextMajorVersion;
				minimumVersion = 7.12.0;
			};
		};
		880ED97D2C2402FC0045A620 /* XCRemoteSwiftPackageReference "Moya" */ = {
			isa = XCRemoteSwiftPackageReference;
			repositoryURL = "https://github.com/Moya/Moya";
			requirement = {
				kind = upToNextMajorVersion;
				minimumVersion = 15.0.3;
			};
		};
		880ED9842C2403120045A620 /* XCRemoteSwiftPackageReference "RxSwift" */ = {
			isa = XCRemoteSwiftPackageReference;
			repositoryURL = "https://github.com/ReactiveX/RxSwift.git";
			requirement = {
				kind = upToNextMajorVersion;
				minimumVersion = 6.7.1;
			};
		};
		880ED98B2C2403490045A620 /* XCRemoteSwiftPackageReference "RxDataSources" */ = {
			isa = XCRemoteSwiftPackageReference;
			repositoryURL = "https://github.com/RxSwiftCommunity/RxDataSources";
			requirement = {
				kind = upToNextMajorVersion;
				minimumVersion = 5.0.2;
			};
		};
/* End XCRemoteSwiftPackageReference section */

/* Begin XCSwiftPackageProductDependency section */
		880ED9752C2402BF0045A620 /* SnapKit */ = {
			isa = XCSwiftPackageProductDependency;
			package = 880ED9742C2402BF0045A620 /* XCRemoteSwiftPackageReference "SnapKit" */;
			productName = SnapKit;
		};
		880ED9782C2402CA0045A620 /* Then */ = {
			isa = XCSwiftPackageProductDependency;
			package = 880ED9772C2402CA0045A620 /* XCRemoteSwiftPackageReference "Then" */;
			productName = Then;
		};
		880ED97B2C2402D90045A620 /* Kingfisher */ = {
			isa = XCSwiftPackageProductDependency;
			package = 880ED97A2C2402D90045A620 /* XCRemoteSwiftPackageReference "Kingfisher" */;
			productName = Kingfisher;
		};
		880ED97E2C2402FC0045A620 /* Moya */ = {
			isa = XCSwiftPackageProductDependency;
			package = 880ED97D2C2402FC0045A620 /* XCRemoteSwiftPackageReference "Moya" */;
			productName = Moya;
		};
		880ED9802C2402FC0045A620 /* ReactiveMoya */ = {
			isa = XCSwiftPackageProductDependency;
			package = 880ED97D2C2402FC0045A620 /* XCRemoteSwiftPackageReference "Moya" */;
			productName = ReactiveMoya;
		};
		880ED9822C2402FC0045A620 /* RxMoya */ = {
			isa = XCSwiftPackageProductDependency;
			package = 880ED97D2C2402FC0045A620 /* XCRemoteSwiftPackageReference "Moya" */;
			productName = RxMoya;
		};
		880ED9852C2403120045A620 /* RxCocoa */ = {
			isa = XCSwiftPackageProductDependency;
			package = 880ED9842C2403120045A620 /* XCRemoteSwiftPackageReference "RxSwift" */;
			productName = RxCocoa;
		};
		880ED9872C2403120045A620 /* RxRelay */ = {
			isa = XCSwiftPackageProductDependency;
			package = 880ED9842C2403120045A620 /* XCRemoteSwiftPackageReference "RxSwift" */;
			productName = RxRelay;
		};
		880ED9892C2403120045A620 /* RxSwift */ = {
			isa = XCSwiftPackageProductDependency;
			package = 880ED9842C2403120045A620 /* XCRemoteSwiftPackageReference "RxSwift" */;
			productName = RxSwift;
		};
		880ED98C2C2403490045A620 /* Differentiator */ = {
			isa = XCSwiftPackageProductDependency;
			package = 880ED98B2C2403490045A620 /* XCRemoteSwiftPackageReference "RxDataSources" */;
			productName = Differentiator;
		};
		880ED98E2C2403490045A620 /* RxDataSources */ = {
			isa = XCSwiftPackageProductDependency;
			package = 880ED98B2C2403490045A620 /* XCRemoteSwiftPackageReference "RxDataSources" */;
			productName = RxDataSources;
		};
/* End XCSwiftPackageProductDependency section */
	};
	rootObject = 880ED9432C23F75B0045A620 /* Project object */;
}
